// !$*UTF8*$!
{
	archiveVersion = 1;
	classes = {
	};
	objectVersion = 46;
	objects = {

/* Begin PBXBuildFile section */
		B77A25E61B1BFFBA00950D29 /* main.m in Sources */ = {isa = PBXBuildFile; fileRef = B77A25E51B1BFFBA00950D29 /* main.m */; };
		B77A25E91B1BFFBA00950D29 /* AppDelegate.m in Sources */ = {isa = PBXBuildFile; fileRef = B77A25E81B1BFFBA00950D29 /* AppDelegate.m */; };
		B77A25EC1B1BFFBA00950D29 /* ViewController.m in Sources */ = {isa = PBXBuildFile; fileRef = B77A25EB1B1BFFBA00950D29 /* ViewController.m */; };
		B77A25EF1B1BFFBA00950D29 /* Main.storyboard in Resources */ = {isa = PBXBuildFile; fileRef = B77A25ED1B1BFFBA00950D29 /* Main.storyboard */; };
		B77A25F11B1BFFBA00950D29 /* Images.xcassets in Resources */ = {isa = PBXBuildFile; fileRef = B77A25F01B1BFFBA00950D29 /* Images.xcassets */; };
		B77A25F41B1BFFBA00950D29 /* LaunchScreen.xib in Resources */ = {isa = PBXBuildFile; fileRef = B77A25F21B1BFFBA00950D29 /* LaunchScreen.xib */; };
		B77A26001B1BFFBA00950D29 /* ExpressLookupTests.m in Sources */ = {isa = PBXBuildFile; fileRef = B77A25FF1B1BFFBA00950D29 /* ExpressLookupTests.m */; };
/* End PBXBuildFile section */

/* Begin PBXContainerItemProxy section */
		B77A25FA1B1BFFBA00950D29 /* PBXContainerItemProxy */ = {
			isa = PBXContainerItemProxy;
			containerPortal = B77A25D81B1BFFB900950D29 /* Project object */;
			proxyType = 1;
			remoteGlobalIDString = B77A25DF1B1BFFBA00950D29;
			remoteInfo = ExpressLookup;
		};
/* End PBXContainerItemProxy section */

/* Begin PBXFileReference section */
		B77A25E01B1BFFBA00950D29 /* ExpressLookup.app */ = {isa = PBXFileReference; explicitFileType = wrapper.application; includeInIndex = 0; path = ExpressLookup.app; sourceTree = BUILT_PRODUCTS_DIR; };
		B77A25E41B1BFFBA00950D29 /* Info.plist */ = {isa = PBXFileReference; lastKnownFileType = text.plist.xml; path = Info.plist; sourceTree = "<group>"; };
		B77A25E51B1BFFBA00950D29 /* main.m */ = {isa = PBXFileReference; lastKnownFileType = sourcecode.c.objc; path = main.m; sourceTree = "<group>"; };
		B77A25E71B1BFFBA00950D29 /* AppDelegate.h */ = {isa = PBXFileReference; lastKnownFileType = sourcecode.c.h; path = AppDelegate.h; sourceTree = "<group>"; };
		B77A25E81B1BFFBA00950D29 /* AppDelegate.m */ = {isa = PBXFileReference; lastKnownFileType = sourcecode.c.objc; path = AppDelegate.m; sourceTree = "<group>"; };
		B77A25EA1B1BFFBA00950D29 /* ViewController.h */ = {isa = PBXFileReference; lastKnownFileType = sourcecode.c.h; path = ViewController.h; sourceTree = "<group>"; };
		B77A25EB1B1BFFBA00950D29 /* ViewController.m */ = {isa = PBXFileReference; lastKnownFileType = sourcecode.c.objc; path = ViewController.m; sourceTree = "<group>"; };
		B77A25EE1B1BFFBA00950D29 /* Base */ = {isa = PBXFileReference; lastKnownFileType = file.storyboard; name = Base; path = Base.lproj/Main.storyboard; sourceTree = "<group>"; };
		B77A25F01B1BFFBA00950D29 /* Images.xcassets */ = {isa = PBXFileReference; lastKnownFileType = folder.assetcatalog; path = Images.xcassets; sourceTree = "<group>"; };
		B77A25F31B1BFFBA00950D29 /* Base */ = {isa = PBXFileReference; lastKnownFileType = file.xib; name = Base; path = Base.lproj/LaunchScreen.xib; sourceTree = "<group>"; };
		B77A25F91B1BFFBA00950D29 /* ExpressLookupTests.xctest */ = {isa = PBXFileReference; explicitFileType = wrapper.cfbundle; includeInIndex = 0; path = ExpressLookupTests.xctest; sourceTree = BUILT_PRODUCTS_DIR; };
		B77A25FE1B1BFFBA00950D29 /* Info.plist */ = {isa = PBXFileReference; lastKnownFileType = text.plist.xml; path = Info.plist; sourceTree = "<group>"; };
		B77A25FF1B1BFFBA00950D29 /* ExpressLookupTests.m */ = {isa = PBXFileReference; lastKnownFileType = sourcecode.c.objc; path = ExpressLookupTests.m; sourceTree = "<group>"; };
/* End PBXFileReference section */

/* Begin PBXFrameworksBuildPhase section */
		B77A25DD1B1BFFBA00950D29 /* Frameworks */ = {
			isa = PBXFrameworksBuildPhase;
			buildActionMask = 2147483647;
			files = (
			);
			runOnlyForDeploymentPostprocessing = 0;
		};
		B77A25F61B1BFFBA00950D29 /* Frameworks */ = {
			isa = PBXFrameworksBuildPhase;
			buildActionMask = 2147483647;
			files = (
			);
			runOnlyForDeploymentPostprocessing = 0;
		};
/* End PBXFrameworksBuildPhase section */

/* Begin PBXGroup section */
		B77A25D71B1BFFB900950D29 = {
			isa = PBXGroup;
			children = (
				B77A25E21B1BFFBA00950D29 /* ExpressLookup */,
				B77A25FC1B1BFFBA00950D29 /* ExpressLookupTests */,
				B77A25E11B1BFFBA00950D29 /* Products */,
			);
			sourceTree = "<group>";
		};
		B77A25E11B1BFFBA00950D29 /* Products */ = {
			isa = PBXGroup;
			children = (
				B77A25E01B1BFFBA00950D29 /* ExpressLookup.app */,
				B77A25F91B1BFFBA00950D29 /* ExpressLookupTests.xctest */,
			);
			name = Products;
			sourceTree = "<group>";
		};
		B77A25E21B1BFFBA00950D29 /* ExpressLookup */ = {
			isa = PBXGroup;
			children = (
				B77A25E71B1BFFBA00950D29 /* AppDelegate.h */,
				B77A25E81B1BFFBA00950D29 /* AppDelegate.m */,
				B77A25EA1B1BFFBA00950D29 /* ViewController.h */,
				B77A25EB1B1BFFBA00950D29 /* ViewController.m */,
				B77A25ED1B1BFFBA00950D29 /* Main.storyboard */,
				B77A25F01B1BFFBA00950D29 /* Images.xcassets */,
				B77A25F21B1BFFBA00950D29 /* LaunchScreen.xib */,
				B77A25E31B1BFFBA00950D29 /* Supporting Files */,
			);
			path = ExpressLookup;
			sourceTree = "<group>";
		};
		B77A25E31B1BFFBA00950D29 /* Supporting Files */ = {
			isa = PBXGroup;
			children = (
				B77A25E41B1BFFBA00950D29 /* Info.plist */,
				B77A25E51B1BFFBA00950D29 /* main.m */,
			);
			name = "Supporting Files";
			sourceTree = "<group>";
		};
		B77A25FC1B1BFFBA00950D29 /* ExpressLookupTests */ = {
			isa = PBXGroup;
			children = (
				B77A25FF1B1BFFBA00950D29 /* ExpressLookupTests.m */,
				B77A25FD1B1BFFBA00950D29 /* Supporting Files */,
			);
			path = ExpressLookupTests;
			sourceTree = "<group>";
		};
		B77A25FD1B1BFFBA00950D29 /* Supporting Files */ = {
			isa = PBXGroup;
			children = (
				B77A25FE1B1BFFBA00950D29 /* Info.plist */,
			);
			name = "Supporting Files";
			sourceTree = "<group>";
		};
/* End PBXGroup section */

/* Begin PBXNativeTarget section */
		B77A25DF1B1BFFBA00950D29 /* ExpressLookup */ = {
			isa = PBXNativeTarget;
			buildConfigurationList = B77A26031B1BFFBA00950D29 /* Build configuration list for PBXNativeTarget "ExpressLookup" */;
			buildPhases = (
				B77A25DC1B1BFFBA00950D29 /* Sources */,
				B77A25DD1B1BFFBA00950D29 /* Frameworks */,
				B77A25DE1B1BFFBA00950D29 /* Resources */,
			);
			buildRules = (
			);
			dependencies = (
			);
			name = ExpressLookup;
			productName = ExpressLookup;
			productReference = B77A25E01B1BFFBA00950D29 /* ExpressLookup.app */;
			productType = "com.apple.product-type.application";
		};
		B77A25F81B1BFFBA00950D29 /* ExpressLookupTests */ = {
			isa = PBXNativeTarget;
			buildConfigurationList = B77A26061B1BFFBA00950D29 /* Build configuration list for PBXNativeTarget "ExpressLookupTests" */;
			buildPhases = (
				B77A25F51B1BFFBA00950D29 /* Sources */,
				B77A25F61B1BFFBA00950D29 /* Frameworks */,
				B77A25F71B1BFFBA00950D29 /* Resources */,
			);
			buildRules = (
			);
			dependencies = (
				B77A25FB1B1BFFBA00950D29 /* PBXTargetDependency */,
			);
			name = ExpressLookupTests;
			productName = ExpressLookupTests;
			productReference = B77A25F91B1BFFBA00950D29 /* ExpressLookupTests.xctest */;
			productType = "com.apple.product-type.bundle.unit-test";
		};
/* End PBXNativeTarget section */

/* Begin PBXProject section */
		B77A25D81B1BFFB900950D29 /* Project object */ = {
			isa = PBXProject;
			attributes = {
				LastUpgradeCheck = 0630;
				ORGANIZATIONNAME = "Kyon Li";
				TargetAttributes = {
					B77A25DF1B1BFFBA00950D29 = {
						CreatedOnToolsVersion = 6.3.2;
					};
					B77A25F81B1BFFBA00950D29 = {
						CreatedOnToolsVersion = 6.3.2;
						TestTargetID = B77A25DF1B1BFFBA00950D29;
					};
				};
			};
			buildConfigurationList = B77A25DB1B1BFFB900950D29 /* Build configuration list for PBXProject "ExpressLookup" */;
			compatibilityVersion = "Xcode 3.2";
			developmentRegion = English;
			hasScannedForEncodings = 0;
			knownRegions = (
				en,
				Base,
			);
			mainGroup = B77A25D71B1BFFB900950D29;
			productRefGroup = B77A25E11B1BFFBA00950D29 /* Products */;
			projectDirPath = "";
			projectRoot = "";
			targets = (
				B77A25DF1B1BFFBA00950D29 /* ExpressLookup */,
				B77A25F81B1BFFBA00950D29 /* ExpressLookupTests */,
			);
		};
/* End PBXProject section */

/* Begin PBXResourcesBuildPhase section */
		B77A25DE1B1BFFBA00950D29 /* Resources */ = {
			isa = PBXResourcesBuildPhase;
			buildActionMask = 2147483647;
			files = (
				B77A25EF1B1BFFBA00950D29 /* Main.storyboard in Resources */,
				B77A25F41B1BFFBA00950D29 /* LaunchScreen.xib in Resources */,
				B77A25F11B1BFFBA00950D29 /* Images.xcassets in Resources */,
			);
			runOnlyForDeploymentPostprocessing = 0;
		};
		B77A25F71B1BFFBA00950D29 /* Resources */ = {
			isa = PBXResourcesBuildPhase;
			buildActionMask = 2147483647;
			files = (
			);
			runOnlyForDeploymentPostprocessing = 0;
		};
/* End PBXResourcesBuildPhase section */

/* Begin PBXSourcesBuildPhase section */
		B77A25DC1B1BFFBA00950D29 /* Sources */ = {
			isa = PBXSourcesBuildPhase;
			buildActionMask = 2147483647;
			files = (
				B77A25EC1B1BFFBA00950D29 /* ViewController.m in Sources */,
				B77A25E91B1BFFBA00950D29 /* AppDelegate.m in Sources */,
				B77A25E61B1BFFBA00950D29 /* main.m in Sources */,
			);
			runOnlyForDeploymentPostprocessing = 0;
		};
		B77A25F51B1BFFBA00950D29 /* Sources */ = {
			isa = PBXSourcesBuildPhase;
			buildActionMask = 2147483647;
			files = (
				B77A26001B1BFFBA00950D29 /* ExpressLookupTests.m in Sources */,
			);
			runOnlyForDeploymentPostprocessing = 0;
		};
/* End PBXSourcesBuildPhase section */

/* Begin PBXTargetDependency section */
		B77A25FB1B1BFFBA00950D29 /* PBXTargetDependency */ = {
			isa = PBXTargetDependency;
			target = B77A25DF1B1BFFBA00950D29 /* ExpressLookup */;
			targetProxy = B77A25FA1B1BFFBA00950D29 /* PBXContainerItemProxy */;
		};
/* End PBXTargetDependency section */

/* Begin PBXVariantGroup section */
		B77A25ED1B1BFFBA00950D29 /* Main.storyboard */ = {
			isa = PBXVariantGroup;
			children = (
				B77A25EE1B1BFFBA00950D29 /* Base */,
			);
			name = Main.storyboard;
			sourceTree = "<group>";
		};
		B77A25F21B1BFFBA00950D29 /* LaunchScreen.xib */ = {
			isa = PBXVariantGroup;
			children = (
				B77A25F31B1BFFBA00950D29 /* Base */,
			);
			name = LaunchScreen.xib;
			sourceTree = "<group>";
		};
/* End PBXVariantGroup section */

/* Begin XCBuildConfiguration section */
		B77A26011B1BFFBA00950D29 /* Debug */ = {
			isa = XCBuildConfiguration;
			buildSettings = {
				ALWAYS_SEARCH_USER_PATHS = NO;
				CLANG_CXX_LANGUAGE_STANDARD = "gnu++0x";
				CLANG_CXX_LIBRARY = "libc++";
				CLANG_ENABLE_MODULES = YES;
				CLANG_ENABLE_OBJC_ARC = YES;
				CLANG_WARN_BOOL_CONVERSION = YES;
				CLANG_WARN_CONSTANT_CONVERSION = YES;
				CLANG_WARN_DIRECT_OBJC_ISA_USAGE = YES_ERROR;
				CLANG_WARN_EMPTY_BODY = YES;
				CLANG_WARN_ENUM_CONVERSION = YES;
				CLANG_WARN_INT_CONVERSION = YES;
				CLANG_WARN_OBJC_ROOT_CLASS = YES_ERROR;
				CLANG_WARN_UNREACHABLE_CODE = YES;
				CLANG_WARN__DUPLICATE_METHOD_MATCH = YES;
				"CODE_SIGN_IDENTITY[sdk=iphoneos*]" = "iPhone Developer";
				COPY_PHASE_STRIP = NO;
				DEBUG_INFORMATION_FORMAT = "dwarf-with-dsym";
				ENABLE_STRICT_OBJC_MSGSEND = YES;
				GCC_C_LANGUAGE_STANDARD = gnu99;
				GCC_DYNAMIC_NO_PIC = NO;
				GCC_NO_COMMON_BLOCKS = YES;
				GCC_OPTIMIZATION_LEVEL = 0;
				GCC_PREPROCESSOR_DEFINITIONS = (
					"DEBUG=1",
					"$(inherited)",
				);
				GCC_SYMBOLS_PRIVATE_EXTERN = NO;
				GCC_WARN_64_TO_32_BIT_CONVERSION = YES;
				GCC_WARN_ABOUT_RETURN_TYPE = YES_ERROR;
				GCC_WARN_UNDECLARED_SELECTOR = YES;
				GCC_WARN_UNINITIALIZED_AUTOS = YES_AGGRESSIVE;
				GCC_WARN_UNUSED_FUNCTION = YES;
				GCC_WARN_UNUSED_VARIABLE = YES;
				IPHONEOS_DEPLOYMENT_TARGET = 8.3;
				MTL_ENABLE_DEBUG_INFO = YES;
				ONLY_ACTIVE_ARCH = YES;
				SDKROOT = iphoneos;
			};
			name = Debug;
		};
		B77A26021B1BFFBA00950D29 /* Release */ = {
			isa = XCBuildConfiguration;
			buildSettings = {
				ALWAYS_SEARCH_USER_PATHS = NO;
				CLANG_CXX_LANGUAGE_STANDARD = "gnu++0x";
				CLANG_CXX_LIBRARY = "libc++";
				CLANG_ENABLE_MODULES = YES;
				CLANG_ENABLE_OBJC_ARC = YES;
				CLANG_WARN_BOOL_CONVERSION = YES;
				CLANG_WARN_CONSTANT_CONVERSION = YES;
				CLANG_WARN_DIRECT_OBJC_ISA_USAGE = YES_ERROR;
				CLANG_WARN_EMPTY_BODY = YES;
				CLANG_WARN_ENUM_CONVERSION = YES;
				CLANG_WARN_INT_CONVERSION = YES;
				CLANG_WARN_OBJC_ROOT_CLASS = YES_ERROR;
				CLANG_WARN_UNREACHABLE_CODE = YES;
				CLANG_WARN__DUPLICATE_METHOD_MATCH = YES;
				"CODE_SIGN_IDENTITY[sdk=iphoneos*]" = "iPhone Developer";
				COPY_PHASE_STRIP = NO;
				DEBUG_INFORMATION_FORMAT = "dwarf-with-dsym";
				ENABLE_NS_ASSERTIONS = NO;
				ENABLE_STRICT_OBJC_MSGSEND = YES;
				GCC_C_LANGUAGE_STANDARD = gnu99;
				GCC_NO_COMMON_BLOCKS = YES;
				GCC_WARN_64_TO_32_BIT_CONVERSION = YES;
				GCC_WARN_ABOUT_RETURN_TYPE = YES_ERROR;
				GCC_WARN_UNDECLARED_SELECTOR = YES;
				GCC_WARN_UNINITIALIZED_AUTOS = YES_AGGRESSIVE;
				GCC_WARN_UNUSED_FUNCTION = YES;
				GCC_WARN_UNUSED_VARIABLE = YES;
				IPHONEOS_DEPLOYMENT_TARGET = 8.3;
				MTL_ENABLE_DEBUG_INFO = NO;
				SDKROOT = iphoneos;
				VALIDATE_PRODUCT = YES;
			};
			name = Release;
		};
		B77A26041B1BFFBA00950D29 /* Debug */ = {
			isa = XCBuildConfiguration;
			buildSettings = {
				ASSETCATALOG_COMPILER_APPICON_NAME = AppIcon;
				INFOPLIST_FILE = ExpressLookup/Info.plist;
				LD_RUNPATH_SEARCH_PATHS = "$(inherited) @executable_path/Frameworks";
				PRODUCT_NAME = "$(TARGET_NAME)";
			};
			name = Debug;
		};
		B77A26051B1BFFBA00950D29 /* Release */ = {
			isa = XCBuildConfiguration;
			buildSettings = {
				ASSETCATALOG_COMPILER_APPICON_NAME = AppIcon;
				INFOPLIST_FILE = ExpressLookup/Info.plist;
				LD_RUNPATH_SEARCH_PATHS = "$(inherited) @executable_path/Frameworks";
				PRODUCT_NAME = "$(TARGET_NAME)";
			};
			name = Release;
		};
		B77A26071B1BFFBA00950D29 /* Debug */ = {
			isa = XCBuildConfiguration;
			buildSettings = {
				BUNDLE_LOADER = "$(TEST_HOST)";
				FRAMEWORK_SEARCH_PATHS = (
					"$(SDKROOT)/Developer/Library/Frameworks",
					"$(inherited)",
				);
				GCC_PREPROCESSOR_DEFINITIONS = (
					"DEBUG=1",
					"$(inherited)",
				);
				INFOPLIST_FILE = ExpressLookupTests/Info.plist;
				LD_RUNPATH_SEARCH_PATHS = "$(inherited) @executable_path/Frameworks @loader_path/Frameworks";
				PRODUCT_NAME = "$(TARGET_NAME)";
				TEST_HOST = "$(BUILT_PRODUCTS_DIR)/ExpressLookup.app/ExpressLookup";
			};
			name = Debug;
		};
		B77A26081B1BFFBA00950D29 /* Release */ = {
			isa = XCBuildConfiguration;
			buildSettings = {
				BUNDLE_LOADER = "$(TEST_HOST)";
				FRAMEWORK_SEARCH_PATHS = (
					"$(SDKROOT)/Developer/Library/Frameworks",
					"$(inherited)",
				);
				INFOPLIST_FILE = ExpressLookupTests/Info.plist;
				LD_RUNPATH_SEARCH_PATHS = "$(inherited) @executable_path/Frameworks @loader_path/Frameworks";
				PRODUCT_NAME = "$(TARGET_NAME)";
				TEST_HOST = "$(BUILT_PRODUCTS_DIR)/ExpressLookup.app/ExpressLookup";
			};
			name = Release;
		};
/* End XCBuildConfiguration section */

/* Begin XCConfigurationList section */
		B77A25DB1B1BFFB900950D29 /* Build configuration list for PBXProject "ExpressLookup" */ = {
			isa = XCConfigurationList;
			buildConfigurations = (
				B77A26011B1BFFBA00950D29 /* Debug */,
				B77A26021B1BFFBA00950D29 /* Release */,
			);
			defaultConfigurationIsVisible = 0;
			defaultConfigurationName = Release;
		};
		B77A26031B1BFFBA00950D29 /* Build configuration list for PBXNativeTarget "ExpressLookup" */ = {
			isa = XCConfigurationList;
			buildConfigurations = (
				B77A26041B1BFFBA00950D29 /* Debug */,
				B77A26051B1BFFBA00950D29 /* Release */,
			);
			defaultConfigurationIsVisible = 0;
		};
		B77A26061B1BFFBA00950D29 /* Build configuration list for PBXNativeTarget "ExpressLookupTests" */ = {
			isa = XCConfigurationList;
			buildConfigurations = (
				B77A26071B1BFFBA00950D29 /* Debug */,
				B77A26081B1BFFBA00950D29 /* Release */,
			);
			defaultConfigurationIsVisible = 0;
		};
/* End XCConfigurationList section */
	};
	rootObject = B77A25D81B1BFFB900950D29 /* Project object */;
}
