// !$*UTF8*$!
{
	archiveVersion = 1;
	classes = {
	};
	objectVersion = 46;
	objects = {

/* Begin PBXBuildFile section */
		B71E2FAE1B213E3A002FAA1E /* lookup_background.png in Resources */ = {isa = PBXBuildFile; fileRef = B71E2FAD1B213E3A002FAA1E /* lookup_background.png */; };
		B71E2FB11B21747A002FAA1E /* 20-gear-2.png in Resources */ = {isa = PBXBuildFile; fileRef = B71E2FAF1B21747A002FAA1E /* 20-gear-2.png */; };
		B71E2FB21B21747A002FAA1E /* 20-gear-2@2x.png in Resources */ = {isa = PBXBuildFile; fileRef = B71E2FB01B21747A002FAA1E /* 20-gear-2@2x.png */; };
		B71E2FB91B2177DF002FAA1E /* 195-barcode.png in Resources */ = {isa = PBXBuildFile; fileRef = B71E2FB71B2177DF002FAA1E /* 195-barcode.png */; };
		B71E2FBA1B2177DF002FAA1E /* 195-barcode@2x.png in Resources */ = {isa = PBXBuildFile; fileRef = B71E2FB81B2177DF002FAA1E /* 195-barcode@2x.png */; };
		B71E2FBD1B217837002FAA1E /* 253-person.png in Resources */ = {isa = PBXBuildFile; fileRef = B71E2FBB1B217837002FAA1E /* 253-person.png */; };
		B71E2FBE1B217837002FAA1E /* 253-person@2x.png in Resources */ = {isa = PBXBuildFile; fileRef = B71E2FBC1B217837002FAA1E /* 253-person@2x.png */; };
		B71E30081B219CE2002FAA1E /* SettingsTableViewController.m in Sources */ = {isa = PBXBuildFile; fileRef = B71E30071B219CE2002FAA1E /* SettingsTableViewController.m */; };
		B72C69211B2E8E5F00EDE01B /* star-full@2x.png in Resources */ = {isa = PBXBuildFile; fileRef = B72C691D1B2E8E5F00EDE01B /* star-full@2x.png */; };
		B72C69221B2E8E5F00EDE01B /* star-full.png in Resources */ = {isa = PBXBuildFile; fileRef = B72C691E1B2E8E5F00EDE01B /* star-full.png */; };
		B72C69231B2E8E5F00EDE01B /* star-empty@2x.png in Resources */ = {isa = PBXBuildFile; fileRef = B72C691F1B2E8E5F00EDE01B /* star-empty@2x.png */; };
		B72C69241B2E8E5F00EDE01B /* star-empty.png in Resources */ = {isa = PBXBuildFile; fileRef = B72C69201B2E8E5F00EDE01B /* star-empty.png */; };
		B72C69261B2EC29100EDE01B /* phoneNumber.plist in Resources */ = {isa = PBXBuildFile; fileRef = B72C69251B2EC29100EDE01B /* phoneNumber.plist */; };
		B72C69291B2EC33000EDE01B /* PhoneNumberSection.m in Sources */ = {isa = PBXBuildFile; fileRef = B72C69281B2EC33000EDE01B /* PhoneNumberSection.m */; };
		B72C692C1B2EC35000EDE01B /* PhoneNumber.m in Sources */ = {isa = PBXBuildFile; fileRef = B72C692B1B2EC35000EDE01B /* PhoneNumber.m */; };
		B72C69301B2EC5BD00EDE01B /* ContactTableViewController.m in Sources */ = {isa = PBXBuildFile; fileRef = B72C692E1B2EC5BD00EDE01B /* ContactTableViewController.m */; };
		B72C69311B2EC5BD00EDE01B /* ContactTableViewController.xib in Resources */ = {isa = PBXBuildFile; fileRef = B72C692F1B2EC5BD00EDE01B /* ContactTableViewController.xib */; };
		B72C69341B2EC71F00EDE01B /* 104-index-cards.png in Resources */ = {isa = PBXBuildFile; fileRef = B72C69321B2EC71F00EDE01B /* 104-index-cards.png */; };
		B72C69351B2EC71F00EDE01B /* 104-index-cards@2x.png in Resources */ = {isa = PBXBuildFile; fileRef = B72C69331B2EC71F00EDE01B /* 104-index-cards@2x.png */; };
		B72C69391B2EE10300EDE01B /* PhoneTableViewCell.m in Sources */ = {isa = PBXBuildFile; fileRef = B72C69371B2EE10300EDE01B /* PhoneTableViewCell.m */; };
		B72C693A1B2EE10300EDE01B /* PhoneTableViewCell.xib in Resources */ = {isa = PBXBuildFile; fileRef = B72C69381B2EE10300EDE01B /* PhoneTableViewCell.xib */; };
		B72C693D1B2EE9B300EDE01B /* 56-truck.png in Resources */ = {isa = PBXBuildFile; fileRef = B72C693B1B2EE9B300EDE01B /* 56-truck.png */; };
		B72C693E1B2EE9B300EDE01B /* 56-truck@2x.png in Resources */ = {isa = PBXBuildFile; fileRef = B72C693C1B2EE9B300EDE01B /* 56-truck@2x.png */; };
		B72C69451B2EF0E000EDE01B /* star-empty@3x.png in Resources */ = {isa = PBXBuildFile; fileRef = B72C69431B2EF0E000EDE01B /* star-empty@3x.png */; };
		B72C69461B2EF0E000EDE01B /* star-full@3x.png in Resources */ = {isa = PBXBuildFile; fileRef = B72C69441B2EF0E000EDE01B /* star-full@3x.png */; };
		B72C697A1B2FF87500EDE01B /* background.png in Resources */ = {isa = PBXBuildFile; fileRef = B72C69791B2FF87500EDE01B /* background.png */; };
		B742007E1B2066840036DB38 /* TFHpple.m in Sources */ = {isa = PBXBuildFile; fileRef = B742006C1B2066840036DB38 /* TFHpple.m */; };
		B742007F1B2066840036DB38 /* TFHppleElement.m in Sources */ = {isa = PBXBuildFile; fileRef = B742006E1B2066840036DB38 /* TFHppleElement.m */; };
		B74200801B2066840036DB38 /* XPathQuery.m in Sources */ = {isa = PBXBuildFile; fileRef = B74200701B2066840036DB38 /* XPathQuery.m */; };
		B74200811B2066840036DB38 /* MBProgressHUD.m in Sources */ = {isa = PBXBuildFile; fileRef = B74200731B2066840036DB38 /* MBProgressHUD.m */; };
		B74200821B2066840036DB38 /* MXPullDownMenu.m in Sources */ = {isa = PBXBuildFile; fileRef = B74200761B2066840036DB38 /* MXPullDownMenu.m */; };
		B76EBF121B298603005CFE98 /* LaunchScreen.jpg in Resources */ = {isa = PBXBuildFile; fileRef = B76EBF111B298603005CFE98 /* LaunchScreen.jpg */; };
		B76EBF141B298674005CFE98 /* Icon.png in Resources */ = {isa = PBXBuildFile; fileRef = B76EBF131B298674005CFE98 /* Icon.png */; };
		B76EBF2F1B2A8A7A005CFE98 /* ChineseToPinyinResource.m in Sources */ = {isa = PBXBuildFile; fileRef = B76EBF231B2A8A7A005CFE98 /* ChineseToPinyinResource.m */; };
		B76EBF301B2A8A7A005CFE98 /* HanyuPinyinOutputFormat.m in Sources */ = {isa = PBXBuildFile; fileRef = B76EBF251B2A8A7A005CFE98 /* HanyuPinyinOutputFormat.m */; };
		B76EBF311B2A8A7A005CFE98 /* NSString+PinYin4Cocoa.m in Sources */ = {isa = PBXBuildFile; fileRef = B76EBF271B2A8A7A005CFE98 /* NSString+PinYin4Cocoa.m */; };
		B76EBF321B2A8A7A005CFE98 /* PinyinFormatter.m in Sources */ = {isa = PBXBuildFile; fileRef = B76EBF2A1B2A8A7A005CFE98 /* PinyinFormatter.m */; };
		B76EBF331B2A8A7A005CFE98 /* PinyinHelper.m in Sources */ = {isa = PBXBuildFile; fileRef = B76EBF2C1B2A8A7A005CFE98 /* PinyinHelper.m */; };
		B76EBF341B2A8A7A005CFE98 /* unicode_to_hanyu_pinyin.txt in Resources */ = {isa = PBXBuildFile; fileRef = B76EBF2E1B2A8A7A005CFE98 /* unicode_to_hanyu_pinyin.txt */; };
		B76EBF371B2A8C12005CFE98 /* Company.m in Sources */ = {isa = PBXBuildFile; fileRef = B76EBF361B2A8C12005CFE98 /* Company.m */; };
		B77A25E61B1BFFBA00950D29 /* main.m in Sources */ = {isa = PBXBuildFile; fileRef = B77A25E51B1BFFBA00950D29 /* main.m */; };
		B77A25F11B1BFFBA00950D29 /* Images.xcassets in Resources */ = {isa = PBXBuildFile; fileRef = B77A25F01B1BFFBA00950D29 /* Images.xcassets */; };
		B77A25F41B1BFFBA00950D29 /* LaunchScreen.xib in Resources */ = {isa = PBXBuildFile; fileRef = B77A25F21B1BFFBA00950D29 /* LaunchScreen.xib */; };
		B77A26B11B1C22BB00950D29 /* AFHTTPRequestOperation.m in Sources */ = {isa = PBXBuildFile; fileRef = B77A268D1B1C22BB00950D29 /* AFHTTPRequestOperation.m */; };
		B77A26B21B1C22BB00950D29 /* AFHTTPRequestOperationManager.m in Sources */ = {isa = PBXBuildFile; fileRef = B77A268F1B1C22BB00950D29 /* AFHTTPRequestOperationManager.m */; };
		B77A26B31B1C22BB00950D29 /* AFHTTPSessionManager.m in Sources */ = {isa = PBXBuildFile; fileRef = B77A26911B1C22BB00950D29 /* AFHTTPSessionManager.m */; };
		B77A26B41B1C22BB00950D29 /* AFNetworkReachabilityManager.m in Sources */ = {isa = PBXBuildFile; fileRef = B77A26941B1C22BB00950D29 /* AFNetworkReachabilityManager.m */; };
		B77A26B51B1C22BB00950D29 /* AFSecurityPolicy.m in Sources */ = {isa = PBXBuildFile; fileRef = B77A26961B1C22BB00950D29 /* AFSecurityPolicy.m */; };
		B77A26B61B1C22BB00950D29 /* AFURLConnectionOperation.m in Sources */ = {isa = PBXBuildFile; fileRef = B77A26981B1C22BB00950D29 /* AFURLConnectionOperation.m */; };
		B77A26B71B1C22BB00950D29 /* AFURLRequestSerialization.m in Sources */ = {isa = PBXBuildFile; fileRef = B77A269A1B1C22BB00950D29 /* AFURLRequestSerialization.m */; };
		B77A26B81B1C22BB00950D29 /* AFURLResponseSerialization.m in Sources */ = {isa = PBXBuildFile; fileRef = B77A269C1B1C22BB00950D29 /* AFURLResponseSerialization.m */; };
		B77A26B91B1C22BB00950D29 /* AFURLSessionManager.m in Sources */ = {isa = PBXBuildFile; fileRef = B77A269E1B1C22BB00950D29 /* AFURLSessionManager.m */; };
		B77A26BA1B1C22BB00950D29 /* AFNetworkActivityIndicatorManager.m in Sources */ = {isa = PBXBuildFile; fileRef = B77A26A11B1C22BB00950D29 /* AFNetworkActivityIndicatorManager.m */; };
		B77A26BB1B1C22BB00950D29 /* UIActivityIndicatorView+AFNetworking.m in Sources */ = {isa = PBXBuildFile; fileRef = B77A26A31B1C22BB00950D29 /* UIActivityIndicatorView+AFNetworking.m */; };
		B77A26BC1B1C22BB00950D29 /* UIAlertView+AFNetworking.m in Sources */ = {isa = PBXBuildFile; fileRef = B77A26A51B1C22BB00950D29 /* UIAlertView+AFNetworking.m */; };
		B77A26BD1B1C22BB00950D29 /* UIButton+AFNetworking.m in Sources */ = {isa = PBXBuildFile; fileRef = B77A26A71B1C22BB00950D29 /* UIButton+AFNetworking.m */; };
		B77A26BE1B1C22BB00950D29 /* UIImageView+AFNetworking.m in Sources */ = {isa = PBXBuildFile; fileRef = B77A26A91B1C22BB00950D29 /* UIImageView+AFNetworking.m */; };
		B77A26BF1B1C22BB00950D29 /* UIProgressView+AFNetworking.m in Sources */ = {isa = PBXBuildFile; fileRef = B77A26AC1B1C22BB00950D29 /* UIProgressView+AFNetworking.m */; };
		B77A26C01B1C22BB00950D29 /* UIRefreshControl+AFNetworking.m in Sources */ = {isa = PBXBuildFile; fileRef = B77A26AE1B1C22BB00950D29 /* UIRefreshControl+AFNetworking.m */; };
		B77A26C11B1C22BB00950D29 /* UIWebView+AFNetworking.m in Sources */ = {isa = PBXBuildFile; fileRef = B77A26B01B1C22BB00950D29 /* UIWebView+AFNetworking.m */; };
		B77A26C41B1C22E100950D29 /* AFAppDotNetAPIClient.m in Sources */ = {isa = PBXBuildFile; fileRef = B77A26C31B1C22E100950D29 /* AFAppDotNetAPIClient.m */; };
		B77A26C71B1C246000950D29 /* DownloadData.m in Sources */ = {isa = PBXBuildFile; fileRef = B77A26C61B1C246000950D29 /* DownloadData.m */; };
		B77A26CA1B1C26E200950D29 /* Express.m in Sources */ = {isa = PBXBuildFile; fileRef = B77A26C91B1C26E200950D29 /* Express.m */; };
		B77A26CD1B1C275100950D29 /* ExpressData.m in Sources */ = {isa = PBXBuildFile; fileRef = B77A26CC1B1C275100950D29 /* ExpressData.m */; };
		B77A277B1B1C5BD000950D29 /* AppDelegate.m in Sources */ = {isa = PBXBuildFile; fileRef = B77A277A1B1C5BD000950D29 /* AppDelegate.m */; };
		B77A277E1B1C5C3600950D29 /* TabBarController.m in Sources */ = {isa = PBXBuildFile; fileRef = B77A277D1B1C5C3600950D29 /* TabBarController.m */; };
		B77A27871B1C5E4B00950D29 /* LookupViewController.m in Sources */ = {isa = PBXBuildFile; fileRef = B77A27851B1C5E4B00950D29 /* LookupViewController.m */; };
		B77A27881B1C5E4B00950D29 /* LookupViewController.xib in Resources */ = {isa = PBXBuildFile; fileRef = B77A27861B1C5E4B00950D29 /* LookupViewController.xib */; };
		B77A27941B1C7E4900950D29 /* companyArray.plist in Resources */ = {isa = PBXBuildFile; fileRef = B77A27931B1C7E4900950D29 /* companyArray.plist */; };
		B79B01471B1EC7DC005B8407 /* libxml2.2.dylib in Frameworks */ = {isa = PBXBuildFile; fileRef = B79B01461B1EC7DC005B8407 /* libxml2.2.dylib */; };
		B79B014A1B1EC8FD005B8407 /* Help.m in Sources */ = {isa = PBXBuildFile; fileRef = B79B01491B1EC8FD005B8407 /* Help.m */; };
		B79B017E1B1F1282005B8407 /* companyArrayHtmlOnly.plist in Resources */ = {isa = PBXBuildFile; fileRef = B79B017D1B1F1282005B8407 /* companyArrayHtmlOnly.plist */; };
		B79B01811B1F17AB005B8407 /* Singleton.m in Sources */ = {isa = PBXBuildFile; fileRef = B79B01801B1F17AB005B8407 /* Singleton.m */; };
		B7B5B1E41B206E8500690F7B /* FontAwesome.ttf in Resources */ = {isa = PBXBuildFile; fileRef = B7B5B1DF1B206E8500690F7B /* FontAwesome.ttf */; };
		B7B5B1E51B206E8500690F7B /* NSString+FontAwesome.m in Sources */ = {isa = PBXBuildFile; fileRef = B7B5B1E11B206E8500690F7B /* NSString+FontAwesome.m */; };
		B7B5B1E61B206E8500690F7B /* UIButton+Bootstrap.m in Sources */ = {isa = PBXBuildFile; fileRef = B7B5B1E31B206E8500690F7B /* UIButton+Bootstrap.m */; };
		B7B5B2091B20906800690F7B /* MKAnnotationView+WebCache.m in Sources */ = {isa = PBXBuildFile; fileRef = B7B5B1E91B20906800690F7B /* MKAnnotationView+WebCache.m */; };
		B7B5B20A1B20906800690F7B /* NSData+ImageContentType.m in Sources */ = {isa = PBXBuildFile; fileRef = B7B5B1EB1B20906800690F7B /* NSData+ImageContentType.m */; };
		B7B5B20B1B20906800690F7B /* SDImageCache.m in Sources */ = {isa = PBXBuildFile; fileRef = B7B5B1ED1B20906800690F7B /* SDImageCache.m */; };
		B7B5B20C1B20906800690F7B /* SDWebImageCompat.m in Sources */ = {isa = PBXBuildFile; fileRef = B7B5B1EF1B20906800690F7B /* SDWebImageCompat.m */; };
		B7B5B20D1B20906800690F7B /* SDWebImageDecoder.m in Sources */ = {isa = PBXBuildFile; fileRef = B7B5B1F11B20906800690F7B /* SDWebImageDecoder.m */; };
		B7B5B20E1B20906800690F7B /* SDWebImageDownloader.m in Sources */ = {isa = PBXBuildFile; fileRef = B7B5B1F31B20906800690F7B /* SDWebImageDownloader.m */; };
		B7B5B20F1B20906800690F7B /* SDWebImageDownloaderOperation.m in Sources */ = {isa = PBXBuildFile; fileRef = B7B5B1F51B20906800690F7B /* SDWebImageDownloaderOperation.m */; };
		B7B5B2101B20906800690F7B /* SDWebImageManager.m in Sources */ = {isa = PBXBuildFile; fileRef = B7B5B1F71B20906800690F7B /* SDWebImageManager.m */; };
		B7B5B2111B20906800690F7B /* SDWebImagePrefetcher.m in Sources */ = {isa = PBXBuildFile; fileRef = B7B5B1FA1B20906800690F7B /* SDWebImagePrefetcher.m */; };
		B7B5B2121B20906800690F7B /* UIButton+WebCache.m in Sources */ = {isa = PBXBuildFile; fileRef = B7B5B1FC1B20906800690F7B /* UIButton+WebCache.m */; };
		B7B5B2131B20906800690F7B /* UIImage+GIF.m in Sources */ = {isa = PBXBuildFile; fileRef = B7B5B1FE1B20906800690F7B /* UIImage+GIF.m */; };
		B7B5B2141B20906800690F7B /* UIImage+MultiFormat.m in Sources */ = {isa = PBXBuildFile; fileRef = B7B5B2001B20906800690F7B /* UIImage+MultiFormat.m */; };
		B7B5B2151B20906800690F7B /* UIImage+WebP.m in Sources */ = {isa = PBXBuildFile; fileRef = B7B5B2021B20906800690F7B /* UIImage+WebP.m */; };
		B7B5B2161B20906800690F7B /* UIImageView+HighlightedWebCache.m in Sources */ = {isa = PBXBuildFile; fileRef = B7B5B2041B20906800690F7B /* UIImageView+HighlightedWebCache.m */; };
		B7B5B2171B20906800690F7B /* UIImageView+WebCache.m in Sources */ = {isa = PBXBuildFile; fileRef = B7B5B2061B20906800690F7B /* UIImageView+WebCache.m */; };
		B7B5B2181B20906800690F7B /* UIView+WebCacheOperation.m in Sources */ = {isa = PBXBuildFile; fileRef = B7B5B2081B20906800690F7B /* UIView+WebCacheOperation.m */; };
		B7F35A411B1D4DFD001E2488 /* ResultTableViewController.m in Sources */ = {isa = PBXBuildFile; fileRef = B7F35A401B1D4DFD001E2488 /* ResultTableViewController.m */; };
		B7F35A4F1B1D511E001E2488 /* ResultTableViewCell.m in Sources */ = {isa = PBXBuildFile; fileRef = B7F35A4D1B1D511E001E2488 /* ResultTableViewCell.m */; };
		B7F35A501B1D511E001E2488 /* ExpressInfoTableViewCell.xib in Resources */ = {isa = PBXBuildFile; fileRef = B7F35A4E1B1D511E001E2488 /* ExpressInfoTableViewCell.xib */; };
		B7F35A941B1D63B7001E2488 /* ExpressDataTableViewCell.xib in Resources */ = {isa = PBXBuildFile; fileRef = B7F35A931B1D63B7001E2488 /* ExpressDataTableViewCell.xib */; };
		B7F35ADA1B1DB388001E2488 /* companyDic.plist in Resources */ = {isa = PBXBuildFile; fileRef = B7F35AD91B1DB388001E2488 /* companyDic.plist */; };
		B7F35ADD1B1DC64F001E2488 /* MyExpressTableViewController.m in Sources */ = {isa = PBXBuildFile; fileRef = B7F35ADC1B1DC64F001E2488 /* MyExpressTableViewController.m */; };
/* End PBXBuildFile section */

/* Begin PBXFileReference section */
		B71E2FAD1B213E3A002FAA1E /* lookup_background.png */ = {isa = PBXFileReference; lastKnownFileType = image.png; path = lookup_background.png; sourceTree = "<group>"; };
		B71E2FAF1B21747A002FAA1E /* 20-gear-2.png */ = {isa = PBXFileReference; lastKnownFileType = image.png; path = "20-gear-2.png"; sourceTree = "<group>"; };
		B71E2FB01B21747A002FAA1E /* 20-gear-2@2x.png */ = {isa = PBXFileReference; lastKnownFileType = image.png; path = "20-gear-2@2x.png"; sourceTree = "<group>"; };
		B71E2FB71B2177DF002FAA1E /* 195-barcode.png */ = {isa = PBXFileReference; lastKnownFileType = image.png; path = "195-barcode.png"; sourceTree = "<group>"; };
		B71E2FB81B2177DF002FAA1E /* 195-barcode@2x.png */ = {isa = PBXFileReference; lastKnownFileType = image.png; path = "195-barcode@2x.png"; sourceTree = "<group>"; };
		B71E2FBB1B217837002FAA1E /* 253-person.png */ = {isa = PBXFileReference; lastKnownFileType = image.png; path = "253-person.png"; sourceTree = "<group>"; };
		B71E2FBC1B217837002FAA1E /* 253-person@2x.png */ = {isa = PBXFileReference; lastKnownFileType = image.png; path = "253-person@2x.png"; sourceTree = "<group>"; };
		B71E30061B219CE2002FAA1E /* SettingsTableViewController.h */ = {isa = PBXFileReference; fileEncoding = 4; lastKnownFileType = sourcecode.c.h; path = SettingsTableViewController.h; sourceTree = "<group>"; };
		B71E30071B219CE2002FAA1E /* SettingsTableViewController.m */ = {isa = PBXFileReference; fileEncoding = 4; lastKnownFileType = sourcecode.c.objc; path = SettingsTableViewController.m; sourceTree = "<group>"; };
		B72C691D1B2E8E5F00EDE01B /* star-full@2x.png */ = {isa = PBXFileReference; lastKnownFileType = image.png; path = "star-full@2x.png"; sourceTree = "<group>"; };
		B72C691E1B2E8E5F00EDE01B /* star-full.png */ = {isa = PBXFileReference; lastKnownFileType = image.png; path = "star-full.png"; sourceTree = "<group>"; };
		B72C691F1B2E8E5F00EDE01B /* star-empty@2x.png */ = {isa = PBXFileReference; lastKnownFileType = image.png; path = "star-empty@2x.png"; sourceTree = "<group>"; };
		B72C69201B2E8E5F00EDE01B /* star-empty.png */ = {isa = PBXFileReference; lastKnownFileType = image.png; path = "star-empty.png"; sourceTree = "<group>"; };
		B72C69251B2EC29100EDE01B /* phoneNumber.plist */ = {isa = PBXFileReference; fileEncoding = 4; lastKnownFileType = text.plist.xml; path = phoneNumber.plist; sourceTree = "<group>"; };
		B72C69271B2EC33000EDE01B /* PhoneNumberSection.h */ = {isa = PBXFileReference; fileEncoding = 4; lastKnownFileType = sourcecode.c.h; path = PhoneNumberSection.h; sourceTree = "<group>"; };
		B72C69281B2EC33000EDE01B /* PhoneNumberSection.m */ = {isa = PBXFileReference; fileEncoding = 4; lastKnownFileType = sourcecode.c.objc; path = PhoneNumberSection.m; sourceTree = "<group>"; };
		B72C692A1B2EC35000EDE01B /* PhoneNumber.h */ = {isa = PBXFileReference; fileEncoding = 4; lastKnownFileType = sourcecode.c.h; path = PhoneNumber.h; sourceTree = "<group>"; };
		B72C692B1B2EC35000EDE01B /* PhoneNumber.m */ = {isa = PBXFileReference; fileEncoding = 4; lastKnownFileType = sourcecode.c.objc; path = PhoneNumber.m; sourceTree = "<group>"; };
		B72C692D1B2EC5BD00EDE01B /* ContactTableViewController.h */ = {isa = PBXFileReference; fileEncoding = 4; lastKnownFileType = sourcecode.c.h; path = ContactTableViewController.h; sourceTree = "<group>"; };
		B72C692E1B2EC5BD00EDE01B /* ContactTableViewController.m */ = {isa = PBXFileReference; fileEncoding = 4; lastKnownFileType = sourcecode.c.objc; path = ContactTableViewController.m; sourceTree = "<group>"; };
		B72C692F1B2EC5BD00EDE01B /* ContactTableViewController.xib */ = {isa = PBXFileReference; fileEncoding = 4; lastKnownFileType = file.xib; path = ContactTableViewController.xib; sourceTree = "<group>"; };
		B72C69321B2EC71F00EDE01B /* 104-index-cards.png */ = {isa = PBXFileReference; lastKnownFileType = image.png; path = "104-index-cards.png"; sourceTree = "<group>"; };
		B72C69331B2EC71F00EDE01B /* 104-index-cards@2x.png */ = {isa = PBXFileReference; lastKnownFileType = image.png; path = "104-index-cards@2x.png"; sourceTree = "<group>"; };
		B72C69361B2EE10300EDE01B /* PhoneTableViewCell.h */ = {isa = PBXFileReference; fileEncoding = 4; lastKnownFileType = sourcecode.c.h; path = PhoneTableViewCell.h; sourceTree = "<group>"; };
		B72C69371B2EE10300EDE01B /* PhoneTableViewCell.m */ = {isa = PBXFileReference; fileEncoding = 4; lastKnownFileType = sourcecode.c.objc; path = PhoneTableViewCell.m; sourceTree = "<group>"; };
		B72C69381B2EE10300EDE01B /* PhoneTableViewCell.xib */ = {isa = PBXFileReference; fileEncoding = 4; lastKnownFileType = file.xib; path = PhoneTableViewCell.xib; sourceTree = "<group>"; };
		B72C693B1B2EE9B300EDE01B /* 56-truck.png */ = {isa = PBXFileReference; lastKnownFileType = image.png; path = "56-truck.png"; sourceTree = "<group>"; };
		B72C693C1B2EE9B300EDE01B /* 56-truck@2x.png */ = {isa = PBXFileReference; lastKnownFileType = image.png; path = "56-truck@2x.png"; sourceTree = "<group>"; };
		B72C69431B2EF0E000EDE01B /* star-empty@3x.png */ = {isa = PBXFileReference; lastKnownFileType = image.png; path = "star-empty@3x.png"; sourceTree = "<group>"; };
		B72C69441B2EF0E000EDE01B /* star-full@3x.png */ = {isa = PBXFileReference; lastKnownFileType = image.png; path = "star-full@3x.png"; sourceTree = "<group>"; };
		B72C69791B2FF87500EDE01B /* background.png */ = {isa = PBXFileReference; lastKnownFileType = image.png; path = background.png; sourceTree = "<group>"; };
		B742006B1B2066840036DB38 /* TFHpple.h */ = {isa = PBXFileReference; fileEncoding = 4; lastKnownFileType = sourcecode.c.h; path = TFHpple.h; sourceTree = "<group>"; };
		B742006C1B2066840036DB38 /* TFHpple.m */ = {isa = PBXFileReference; fileEncoding = 4; lastKnownFileType = sourcecode.c.objc; path = TFHpple.m; sourceTree = "<group>"; };
		B742006D1B2066840036DB38 /* TFHppleElement.h */ = {isa = PBXFileReference; fileEncoding = 4; lastKnownFileType = sourcecode.c.h; path = TFHppleElement.h; sourceTree = "<group>"; };
		B742006E1B2066840036DB38 /* TFHppleElement.m */ = {isa = PBXFileReference; fileEncoding = 4; lastKnownFileType = sourcecode.c.objc; path = TFHppleElement.m; sourceTree = "<group>"; };
		B742006F1B2066840036DB38 /* XPathQuery.h */ = {isa = PBXFileReference; fileEncoding = 4; lastKnownFileType = sourcecode.c.h; path = XPathQuery.h; sourceTree = "<group>"; };
		B74200701B2066840036DB38 /* XPathQuery.m */ = {isa = PBXFileReference; fileEncoding = 4; lastKnownFileType = sourcecode.c.objc; path = XPathQuery.m; sourceTree = "<group>"; };
		B74200721B2066840036DB38 /* MBProgressHUD.h */ = {isa = PBXFileReference; fileEncoding = 4; lastKnownFileType = sourcecode.c.h; path = MBProgressHUD.h; sourceTree = "<group>"; };
		B74200731B2066840036DB38 /* MBProgressHUD.m */ = {isa = PBXFileReference; fileEncoding = 4; lastKnownFileType = sourcecode.c.objc; path = MBProgressHUD.m; sourceTree = "<group>"; };
		B74200751B2066840036DB38 /* MXPullDownMenu.h */ = {isa = PBXFileReference; fileEncoding = 4; lastKnownFileType = sourcecode.c.h; path = MXPullDownMenu.h; sourceTree = "<group>"; };
		B74200761B2066840036DB38 /* MXPullDownMenu.m */ = {isa = PBXFileReference; fileEncoding = 4; lastKnownFileType = sourcecode.c.objc; path = MXPullDownMenu.m; sourceTree = "<group>"; };
		B76EBF111B298603005CFE98 /* LaunchScreen.jpg */ = {isa = PBXFileReference; lastKnownFileType = image.jpeg; path = LaunchScreen.jpg; sourceTree = "<group>"; };
		B76EBF131B298674005CFE98 /* Icon.png */ = {isa = PBXFileReference; lastKnownFileType = image.png; path = Icon.png; sourceTree = "<group>"; };
		B76EBF221B2A8A7A005CFE98 /* ChineseToPinyinResource.h */ = {isa = PBXFileReference; fileEncoding = 4; lastKnownFileType = sourcecode.c.h; path = ChineseToPinyinResource.h; sourceTree = "<group>"; };
		B76EBF231B2A8A7A005CFE98 /* ChineseToPinyinResource.m */ = {isa = PBXFileReference; fileEncoding = 4; lastKnownFileType = sourcecode.c.objc; path = ChineseToPinyinResource.m; sourceTree = "<group>"; };
		B76EBF241B2A8A7A005CFE98 /* HanyuPinyinOutputFormat.h */ = {isa = PBXFileReference; fileEncoding = 4; lastKnownFileType = sourcecode.c.h; path = HanyuPinyinOutputFormat.h; sourceTree = "<group>"; };
		B76EBF251B2A8A7A005CFE98 /* HanyuPinyinOutputFormat.m */ = {isa = PBXFileReference; fileEncoding = 4; lastKnownFileType = sourcecode.c.objc; path = HanyuPinyinOutputFormat.m; sourceTree = "<group>"; };
		B76EBF261B2A8A7A005CFE98 /* NSString+PinYin4Cocoa.h */ = {isa = PBXFileReference; fileEncoding = 4; lastKnownFileType = sourcecode.c.h; path = "NSString+PinYin4Cocoa.h"; sourceTree = "<group>"; };
		B76EBF271B2A8A7A005CFE98 /* NSString+PinYin4Cocoa.m */ = {isa = PBXFileReference; fileEncoding = 4; lastKnownFileType = sourcecode.c.objc; path = "NSString+PinYin4Cocoa.m"; sourceTree = "<group>"; };
		B76EBF281B2A8A7A005CFE98 /* PinYin4Objc.h */ = {isa = PBXFileReference; fileEncoding = 4; lastKnownFileType = sourcecode.c.h; path = PinYin4Objc.h; sourceTree = "<group>"; };
		B76EBF291B2A8A7A005CFE98 /* PinyinFormatter.h */ = {isa = PBXFileReference; fileEncoding = 4; lastKnownFileType = sourcecode.c.h; path = PinyinFormatter.h; sourceTree = "<group>"; };
		B76EBF2A1B2A8A7A005CFE98 /* PinyinFormatter.m */ = {isa = PBXFileReference; fileEncoding = 4; lastKnownFileType = sourcecode.c.objc; path = PinyinFormatter.m; sourceTree = "<group>"; };
		B76EBF2B1B2A8A7A005CFE98 /* PinyinHelper.h */ = {isa = PBXFileReference; fileEncoding = 4; lastKnownFileType = sourcecode.c.h; path = PinyinHelper.h; sourceTree = "<group>"; };
		B76EBF2C1B2A8A7A005CFE98 /* PinyinHelper.m */ = {isa = PBXFileReference; fileEncoding = 4; lastKnownFileType = sourcecode.c.objc; path = PinyinHelper.m; sourceTree = "<group>"; };
		B76EBF2E1B2A8A7A005CFE98 /* unicode_to_hanyu_pinyin.txt */ = {isa = PBXFileReference; fileEncoding = 4; lastKnownFileType = text; path = unicode_to_hanyu_pinyin.txt; sourceTree = "<group>"; };
		B76EBF351B2A8C12005CFE98 /* Company.h */ = {isa = PBXFileReference; fileEncoding = 4; lastKnownFileType = sourcecode.c.h; path = Company.h; sourceTree = "<group>"; };
		B76EBF361B2A8C12005CFE98 /* Company.m */ = {isa = PBXFileReference; fileEncoding = 4; lastKnownFileType = sourcecode.c.objc; path = Company.m; sourceTree = "<group>"; };
		B77A25E01B1BFFBA00950D29 /* ExpressLookup.app */ = {isa = PBXFileReference; explicitFileType = wrapper.application; includeInIndex = 0; path = ExpressLookup.app; sourceTree = BUILT_PRODUCTS_DIR; };
		B77A25E41B1BFFBA00950D29 /* Info.plist */ = {isa = PBXFileReference; lastKnownFileType = text.plist.xml; path = Info.plist; sourceTree = "<group>"; };
		B77A25E51B1BFFBA00950D29 /* main.m */ = {isa = PBXFileReference; lastKnownFileType = sourcecode.c.objc; path = main.m; sourceTree = "<group>"; };
		B77A25F01B1BFFBA00950D29 /* Images.xcassets */ = {isa = PBXFileReference; lastKnownFileType = folder.assetcatalog; path = Images.xcassets; sourceTree = "<group>"; };
		B77A25F31B1BFFBA00950D29 /* Base */ = {isa = PBXFileReference; lastKnownFileType = file.xib; name = Base; path = Base.lproj/LaunchScreen.xib; sourceTree = "<group>"; };
		B77A268C1B1C22BB00950D29 /* AFHTTPRequestOperation.h */ = {isa = PBXFileReference; fileEncoding = 4; lastKnownFileType = sourcecode.c.h; path = AFHTTPRequestOperation.h; sourceTree = "<group>"; };
		B77A268D1B1C22BB00950D29 /* AFHTTPRequestOperation.m */ = {isa = PBXFileReference; fileEncoding = 4; lastKnownFileType = sourcecode.c.objc; path = AFHTTPRequestOperation.m; sourceTree = "<group>"; };
		B77A268E1B1C22BB00950D29 /* AFHTTPRequestOperationManager.h */ = {isa = PBXFileReference; fileEncoding = 4; lastKnownFileType = sourcecode.c.h; path = AFHTTPRequestOperationManager.h; sourceTree = "<group>"; };
		B77A268F1B1C22BB00950D29 /* AFHTTPRequestOperationManager.m */ = {isa = PBXFileReference; fileEncoding = 4; lastKnownFileType = sourcecode.c.objc; path = AFHTTPRequestOperationManager.m; sourceTree = "<group>"; };
		B77A26901B1C22BB00950D29 /* AFHTTPSessionManager.h */ = {isa = PBXFileReference; fileEncoding = 4; lastKnownFileType = sourcecode.c.h; path = AFHTTPSessionManager.h; sourceTree = "<group>"; };
		B77A26911B1C22BB00950D29 /* AFHTTPSessionManager.m */ = {isa = PBXFileReference; fileEncoding = 4; lastKnownFileType = sourcecode.c.objc; path = AFHTTPSessionManager.m; sourceTree = "<group>"; };
		B77A26921B1C22BB00950D29 /* AFNetworking.h */ = {isa = PBXFileReference; fileEncoding = 4; lastKnownFileType = sourcecode.c.h; path = AFNetworking.h; sourceTree = "<group>"; };
		B77A26931B1C22BB00950D29 /* AFNetworkReachabilityManager.h */ = {isa = PBXFileReference; fileEncoding = 4; lastKnownFileType = sourcecode.c.h; path = AFNetworkReachabilityManager.h; sourceTree = "<group>"; };
		B77A26941B1C22BB00950D29 /* AFNetworkReachabilityManager.m */ = {isa = PBXFileReference; fileEncoding = 4; lastKnownFileType = sourcecode.c.objc; path = AFNetworkReachabilityManager.m; sourceTree = "<group>"; };
		B77A26951B1C22BB00950D29 /* AFSecurityPolicy.h */ = {isa = PBXFileReference; fileEncoding = 4; lastKnownFileType = sourcecode.c.h; path = AFSecurityPolicy.h; sourceTree = "<group>"; };
		B77A26961B1C22BB00950D29 /* AFSecurityPolicy.m */ = {isa = PBXFileReference; fileEncoding = 4; lastKnownFileType = sourcecode.c.objc; path = AFSecurityPolicy.m; sourceTree = "<group>"; };
		B77A26971B1C22BB00950D29 /* AFURLConnectionOperation.h */ = {isa = PBXFileReference; fileEncoding = 4; lastKnownFileType = sourcecode.c.h; path = AFURLConnectionOperation.h; sourceTree = "<group>"; };
		B77A26981B1C22BB00950D29 /* AFURLConnectionOperation.m */ = {isa = PBXFileReference; fileEncoding = 4; lastKnownFileType = sourcecode.c.objc; path = AFURLConnectionOperation.m; sourceTree = "<group>"; };
		B77A26991B1C22BB00950D29 /* AFURLRequestSerialization.h */ = {isa = PBXFileReference; fileEncoding = 4; lastKnownFileType = sourcecode.c.h; path = AFURLRequestSerialization.h; sourceTree = "<group>"; };
		B77A269A1B1C22BB00950D29 /* AFURLRequestSerialization.m */ = {isa = PBXFileReference; fileEncoding = 4; lastKnownFileType = sourcecode.c.objc; path = AFURLRequestSerialization.m; sourceTree = "<group>"; };
		B77A269B1B1C22BB00950D29 /* AFURLResponseSerialization.h */ = {isa = PBXFileReference; fileEncoding = 4; lastKnownFileType = sourcecode.c.h; path = AFURLResponseSerialization.h; sourceTree = "<group>"; };
		B77A269C1B1C22BB00950D29 /* AFURLResponseSerialization.m */ = {isa = PBXFileReference; fileEncoding = 4; lastKnownFileType = sourcecode.c.objc; path = AFURLResponseSerialization.m; sourceTree = "<group>"; };
		B77A269D1B1C22BB00950D29 /* AFURLSessionManager.h */ = {isa = PBXFileReference; fileEncoding = 4; lastKnownFileType = sourcecode.c.h; path = AFURLSessionManager.h; sourceTree = "<group>"; };
		B77A269E1B1C22BB00950D29 /* AFURLSessionManager.m */ = {isa = PBXFileReference; fileEncoding = 4; lastKnownFileType = sourcecode.c.objc; path = AFURLSessionManager.m; sourceTree = "<group>"; };
		B77A26A01B1C22BB00950D29 /* AFNetworkActivityIndicatorManager.h */ = {isa = PBXFileReference; fileEncoding = 4; lastKnownFileType = sourcecode.c.h; path = AFNetworkActivityIndicatorManager.h; sourceTree = "<group>"; };
		B77A26A11B1C22BB00950D29 /* AFNetworkActivityIndicatorManager.m */ = {isa = PBXFileReference; fileEncoding = 4; lastKnownFileType = sourcecode.c.objc; path = AFNetworkActivityIndicatorManager.m; sourceTree = "<group>"; };
		B77A26A21B1C22BB00950D29 /* UIActivityIndicatorView+AFNetworking.h */ = {isa = PBXFileReference; fileEncoding = 4; lastKnownFileType = sourcecode.c.h; path = "UIActivityIndicatorView+AFNetworking.h"; sourceTree = "<group>"; };
		B77A26A31B1C22BB00950D29 /* UIActivityIndicatorView+AFNetworking.m */ = {isa = PBXFileReference; fileEncoding = 4; lastKnownFileType = sourcecode.c.objc; path = "UIActivityIndicatorView+AFNetworking.m"; sourceTree = "<group>"; };
		B77A26A41B1C22BB00950D29 /* UIAlertView+AFNetworking.h */ = {isa = PBXFileReference; fileEncoding = 4; lastKnownFileType = sourcecode.c.h; path = "UIAlertView+AFNetworking.h"; sourceTree = "<group>"; };
		B77A26A51B1C22BB00950D29 /* UIAlertView+AFNetworking.m */ = {isa = PBXFileReference; fileEncoding = 4; lastKnownFileType = sourcecode.c.objc; path = "UIAlertView+AFNetworking.m"; sourceTree = "<group>"; };
		B77A26A61B1C22BB00950D29 /* UIButton+AFNetworking.h */ = {isa = PBXFileReference; fileEncoding = 4; lastKnownFileType = sourcecode.c.h; path = "UIButton+AFNetworking.h"; sourceTree = "<group>"; };
		B77A26A71B1C22BB00950D29 /* UIButton+AFNetworking.m */ = {isa = PBXFileReference; fileEncoding = 4; lastKnownFileType = sourcecode.c.objc; path = "UIButton+AFNetworking.m"; sourceTree = "<group>"; };
		B77A26A81B1C22BB00950D29 /* UIImageView+AFNetworking.h */ = {isa = PBXFileReference; fileEncoding = 4; lastKnownFileType = sourcecode.c.h; path = "UIImageView+AFNetworking.h"; sourceTree = "<group>"; };
		B77A26A91B1C22BB00950D29 /* UIImageView+AFNetworking.m */ = {isa = PBXFileReference; fileEncoding = 4; lastKnownFileType = sourcecode.c.objc; path = "UIImageView+AFNetworking.m"; sourceTree = "<group>"; };
		B77A26AA1B1C22BB00950D29 /* UIKit+AFNetworking.h */ = {isa = PBXFileReference; fileEncoding = 4; lastKnownFileType = sourcecode.c.h; path = "UIKit+AFNetworking.h"; sourceTree = "<group>"; };
		B77A26AB1B1C22BB00950D29 /* UIProgressView+AFNetworking.h */ = {isa = PBXFileReference; fileEncoding = 4; lastKnownFileType = sourcecode.c.h; path = "UIProgressView+AFNetworking.h"; sourceTree = "<group>"; };
		B77A26AC1B1C22BB00950D29 /* UIProgressView+AFNetworking.m */ = {isa = PBXFileReference; fileEncoding = 4; lastKnownFileType = sourcecode.c.objc; path = "UIProgressView+AFNetworking.m"; sourceTree = "<group>"; };
		B77A26AD1B1C22BB00950D29 /* UIRefreshControl+AFNetworking.h */ = {isa = PBXFileReference; fileEncoding = 4; lastKnownFileType = sourcecode.c.h; path = "UIRefreshControl+AFNetworking.h"; sourceTree = "<group>"; };
		B77A26AE1B1C22BB00950D29 /* UIRefreshControl+AFNetworking.m */ = {isa = PBXFileReference; fileEncoding = 4; lastKnownFileType = sourcecode.c.objc; path = "UIRefreshControl+AFNetworking.m"; sourceTree = "<group>"; };
		B77A26AF1B1C22BB00950D29 /* UIWebView+AFNetworking.h */ = {isa = PBXFileReference; fileEncoding = 4; lastKnownFileType = sourcecode.c.h; path = "UIWebView+AFNetworking.h"; sourceTree = "<group>"; };
		B77A26B01B1C22BB00950D29 /* UIWebView+AFNetworking.m */ = {isa = PBXFileReference; fileEncoding = 4; lastKnownFileType = sourcecode.c.objc; path = "UIWebView+AFNetworking.m"; sourceTree = "<group>"; };
		B77A26C21B1C22E100950D29 /* AFAppDotNetAPIClient.h */ = {isa = PBXFileReference; fileEncoding = 4; lastKnownFileType = sourcecode.c.h; path = AFAppDotNetAPIClient.h; sourceTree = "<group>"; };
		B77A26C31B1C22E100950D29 /* AFAppDotNetAPIClient.m */ = {isa = PBXFileReference; fileEncoding = 4; lastKnownFileType = sourcecode.c.objc; path = AFAppDotNetAPIClient.m; sourceTree = "<group>"; };
		B77A26C51B1C246000950D29 /* DownloadData.h */ = {isa = PBXFileReference; fileEncoding = 4; lastKnownFileType = sourcecode.c.h; path = DownloadData.h; sourceTree = "<group>"; };
		B77A26C61B1C246000950D29 /* DownloadData.m */ = {isa = PBXFileReference; fileEncoding = 4; lastKnownFileType = sourcecode.c.objc; path = DownloadData.m; sourceTree = "<group>"; };
		B77A26C81B1C26E200950D29 /* Express.h */ = {isa = PBXFileReference; fileEncoding = 4; lastKnownFileType = sourcecode.c.h; path = Express.h; sourceTree = "<group>"; };
		B77A26C91B1C26E200950D29 /* Express.m */ = {isa = PBXFileReference; fileEncoding = 4; lastKnownFileType = sourcecode.c.objc; path = Express.m; sourceTree = "<group>"; };
		B77A26CB1B1C275100950D29 /* ExpressData.h */ = {isa = PBXFileReference; fileEncoding = 4; lastKnownFileType = sourcecode.c.h; path = ExpressData.h; sourceTree = "<group>"; };
		B77A26CC1B1C275100950D29 /* ExpressData.m */ = {isa = PBXFileReference; fileEncoding = 4; lastKnownFileType = sourcecode.c.objc; path = ExpressData.m; sourceTree = "<group>"; };
		B77A27781B1C593F00950D29 /* Macro.h */ = {isa = PBXFileReference; fileEncoding = 4; lastKnownFileType = sourcecode.c.h; path = Macro.h; sourceTree = "<group>"; };
		B77A27791B1C5BD000950D29 /* AppDelegate.h */ = {isa = PBXFileReference; fileEncoding = 4; lastKnownFileType = sourcecode.c.h; path = AppDelegate.h; sourceTree = "<group>"; };
		B77A277A1B1C5BD000950D29 /* AppDelegate.m */ = {isa = PBXFileReference; fileEncoding = 4; lastKnownFileType = sourcecode.c.objc; path = AppDelegate.m; sourceTree = "<group>"; };
		B77A277C1B1C5C3600950D29 /* TabBarController.h */ = {isa = PBXFileReference; fileEncoding = 4; lastKnownFileType = sourcecode.c.h; path = TabBarController.h; sourceTree = "<group>"; };
		B77A277D1B1C5C3600950D29 /* TabBarController.m */ = {isa = PBXFileReference; fileEncoding = 4; lastKnownFileType = sourcecode.c.objc; path = TabBarController.m; sourceTree = "<group>"; };
		B77A27841B1C5E4B00950D29 /* LookupViewController.h */ = {isa = PBXFileReference; fileEncoding = 4; lastKnownFileType = sourcecode.c.h; path = LookupViewController.h; sourceTree = "<group>"; };
		B77A27851B1C5E4B00950D29 /* LookupViewController.m */ = {isa = PBXFileReference; fileEncoding = 4; lastKnownFileType = sourcecode.c.objc; path = LookupViewController.m; sourceTree = "<group>"; };
		B77A27861B1C5E4B00950D29 /* LookupViewController.xib */ = {isa = PBXFileReference; fileEncoding = 4; lastKnownFileType = file.xib; path = LookupViewController.xib; sourceTree = "<group>"; };
		B77A27931B1C7E4900950D29 /* companyArray.plist */ = {isa = PBXFileReference; fileEncoding = 4; lastKnownFileType = text.plist.xml; path = companyArray.plist; sourceTree = "<group>"; };
		B79B01461B1EC7DC005B8407 /* libxml2.2.dylib */ = {isa = PBXFileReference; lastKnownFileType = "compiled.mach-o.dylib"; name = libxml2.2.dylib; path = usr/lib/libxml2.2.dylib; sourceTree = SDKROOT; };
		B79B01481B1EC8FD005B8407 /* Help.h */ = {isa = PBXFileReference; fileEncoding = 4; lastKnownFileType = sourcecode.c.h; path = Help.h; sourceTree = "<group>"; };
		B79B01491B1EC8FD005B8407 /* Help.m */ = {isa = PBXFileReference; fileEncoding = 4; lastKnownFileType = sourcecode.c.objc; path = Help.m; sourceTree = "<group>"; };
		B79B017D1B1F1282005B8407 /* companyArrayHtmlOnly.plist */ = {isa = PBXFileReference; fileEncoding = 4; lastKnownFileType = text.plist.xml; path = companyArrayHtmlOnly.plist; sourceTree = "<group>"; };
		B79B017F1B1F17AB005B8407 /* Singleton.h */ = {isa = PBXFileReference; fileEncoding = 4; lastKnownFileType = sourcecode.c.h; path = Singleton.h; sourceTree = "<group>"; };
		B79B01801B1F17AB005B8407 /* Singleton.m */ = {isa = PBXFileReference; fileEncoding = 4; lastKnownFileType = sourcecode.c.objc; path = Singleton.m; sourceTree = "<group>"; };
		B7B5B1DF1B206E8500690F7B /* FontAwesome.ttf */ = {isa = PBXFileReference; lastKnownFileType = file; path = FontAwesome.ttf; sourceTree = "<group>"; };
		B7B5B1E01B206E8500690F7B /* NSString+FontAwesome.h */ = {isa = PBXFileReference; fileEncoding = 4; lastKnownFileType = sourcecode.c.h; path = "NSString+FontAwesome.h"; sourceTree = "<group>"; };
		B7B5B1E11B206E8500690F7B /* NSString+FontAwesome.m */ = {isa = PBXFileReference; fileEncoding = 4; lastKnownFileType = sourcecode.c.objc; path = "NSString+FontAwesome.m"; sourceTree = "<group>"; };
		B7B5B1E21B206E8500690F7B /* UIButton+Bootstrap.h */ = {isa = PBXFileReference; fileEncoding = 4; lastKnownFileType = sourcecode.c.h; path = "UIButton+Bootstrap.h"; sourceTree = "<group>"; };
		B7B5B1E31B206E8500690F7B /* UIButton+Bootstrap.m */ = {isa = PBXFileReference; fileEncoding = 4; lastKnownFileType = sourcecode.c.objc; path = "UIButton+Bootstrap.m"; sourceTree = "<group>"; };
		B7B5B1E81B20906800690F7B /* MKAnnotationView+WebCache.h */ = {isa = PBXFileReference; fileEncoding = 4; lastKnownFileType = sourcecode.c.h; path = "MKAnnotationView+WebCache.h"; sourceTree = "<group>"; };
		B7B5B1E91B20906800690F7B /* MKAnnotationView+WebCache.m */ = {isa = PBXFileReference; fileEncoding = 4; lastKnownFileType = sourcecode.c.objc; path = "MKAnnotationView+WebCache.m"; sourceTree = "<group>"; };
		B7B5B1EA1B20906800690F7B /* NSData+ImageContentType.h */ = {isa = PBXFileReference; fileEncoding = 4; lastKnownFileType = sourcecode.c.h; path = "NSData+ImageContentType.h"; sourceTree = "<group>"; };
		B7B5B1EB1B20906800690F7B /* NSData+ImageContentType.m */ = {isa = PBXFileReference; fileEncoding = 4; lastKnownFileType = sourcecode.c.objc; path = "NSData+ImageContentType.m"; sourceTree = "<group>"; };
		B7B5B1EC1B20906800690F7B /* SDImageCache.h */ = {isa = PBXFileReference; fileEncoding = 4; lastKnownFileType = sourcecode.c.h; path = SDImageCache.h; sourceTree = "<group>"; };
		B7B5B1ED1B20906800690F7B /* SDImageCache.m */ = {isa = PBXFileReference; fileEncoding = 4; lastKnownFileType = sourcecode.c.objc; path = SDImageCache.m; sourceTree = "<group>"; };
		B7B5B1EE1B20906800690F7B /* SDWebImageCompat.h */ = {isa = PBXFileReference; fileEncoding = 4; lastKnownFileType = sourcecode.c.h; path = SDWebImageCompat.h; sourceTree = "<group>"; };
		B7B5B1EF1B20906800690F7B /* SDWebImageCompat.m */ = {isa = PBXFileReference; fileEncoding = 4; lastKnownFileType = sourcecode.c.objc; path = SDWebImageCompat.m; sourceTree = "<group>"; };
		B7B5B1F01B20906800690F7B /* SDWebImageDecoder.h */ = {isa = PBXFileReference; fileEncoding = 4; lastKnownFileType = sourcecode.c.h; path = SDWebImageDecoder.h; sourceTree = "<group>"; };
		B7B5B1F11B20906800690F7B /* SDWebImageDecoder.m */ = {isa = PBXFileReference; fileEncoding = 4; lastKnownFileType = sourcecode.c.objc; path = SDWebImageDecoder.m; sourceTree = "<group>"; };
		B7B5B1F21B20906800690F7B /* SDWebImageDownloader.h */ = {isa = PBXFileReference; fileEncoding = 4; lastKnownFileType = sourcecode.c.h; path = SDWebImageDownloader.h; sourceTree = "<group>"; };
		B7B5B1F31B20906800690F7B /* SDWebImageDownloader.m */ = {isa = PBXFileReference; fileEncoding = 4; lastKnownFileType = sourcecode.c.objc; path = SDWebImageDownloader.m; sourceTree = "<group>"; };
		B7B5B1F41B20906800690F7B /* SDWebImageDownloaderOperation.h */ = {isa = PBXFileReference; fileEncoding = 4; lastKnownFileType = sourcecode.c.h; path = SDWebImageDownloaderOperation.h; sourceTree = "<group>"; };
		B7B5B1F51B20906800690F7B /* SDWebImageDownloaderOperation.m */ = {isa = PBXFileReference; fileEncoding = 4; lastKnownFileType = sourcecode.c.objc; path = SDWebImageDownloaderOperation.m; sourceTree = "<group>"; };
		B7B5B1F61B20906800690F7B /* SDWebImageManager.h */ = {isa = PBXFileReference; fileEncoding = 4; lastKnownFileType = sourcecode.c.h; path = SDWebImageManager.h; sourceTree = "<group>"; };
		B7B5B1F71B20906800690F7B /* SDWebImageManager.m */ = {isa = PBXFileReference; fileEncoding = 4; lastKnownFileType = sourcecode.c.objc; path = SDWebImageManager.m; sourceTree = "<group>"; };
		B7B5B1F81B20906800690F7B /* SDWebImageOperation.h */ = {isa = PBXFileReference; fileEncoding = 4; lastKnownFileType = sourcecode.c.h; path = SDWebImageOperation.h; sourceTree = "<group>"; };
		B7B5B1F91B20906800690F7B /* SDWebImagePrefetcher.h */ = {isa = PBXFileReference; fileEncoding = 4; lastKnownFileType = sourcecode.c.h; path = SDWebImagePrefetcher.h; sourceTree = "<group>"; };
		B7B5B1FA1B20906800690F7B /* SDWebImagePrefetcher.m */ = {isa = PBXFileReference; fileEncoding = 4; lastKnownFileType = sourcecode.c.objc; path = SDWebImagePrefetcher.m; sourceTree = "<group>"; };
		B7B5B1FB1B20906800690F7B /* UIButton+WebCache.h */ = {isa = PBXFileReference; fileEncoding = 4; lastKnownFileType = sourcecode.c.h; path = "UIButton+WebCache.h"; sourceTree = "<group>"; };
		B7B5B1FC1B20906800690F7B /* UIButton+WebCache.m */ = {isa = PBXFileReference; fileEncoding = 4; lastKnownFileType = sourcecode.c.objc; path = "UIButton+WebCache.m"; sourceTree = "<group>"; };
		B7B5B1FD1B20906800690F7B /* UIImage+GIF.h */ = {isa = PBXFileReference; fileEncoding = 4; lastKnownFileType = sourcecode.c.h; path = "UIImage+GIF.h"; sourceTree = "<group>"; };
		B7B5B1FE1B20906800690F7B /* UIImage+GIF.m */ = {isa = PBXFileReference; fileEncoding = 4; lastKnownFileType = sourcecode.c.objc; path = "UIImage+GIF.m"; sourceTree = "<group>"; };
		B7B5B1FF1B20906800690F7B /* UIImage+MultiFormat.h */ = {isa = PBXFileReference; fileEncoding = 4; lastKnownFileType = sourcecode.c.h; path = "UIImage+MultiFormat.h"; sourceTree = "<group>"; };
		B7B5B2001B20906800690F7B /* UIImage+MultiFormat.m */ = {isa = PBXFileReference; fileEncoding = 4; lastKnownFileType = sourcecode.c.objc; path = "UIImage+MultiFormat.m"; sourceTree = "<group>"; };
		B7B5B2011B20906800690F7B /* UIImage+WebP.h */ = {isa = PBXFileReference; fileEncoding = 4; lastKnownFileType = sourcecode.c.h; path = "UIImage+WebP.h"; sourceTree = "<group>"; };
		B7B5B2021B20906800690F7B /* UIImage+WebP.m */ = {isa = PBXFileReference; fileEncoding = 4; lastKnownFileType = sourcecode.c.objc; path = "UIImage+WebP.m"; sourceTree = "<group>"; };
		B7B5B2031B20906800690F7B /* UIImageView+HighlightedWebCache.h */ = {isa = PBXFileReference; fileEncoding = 4; lastKnownFileType = sourcecode.c.h; path = "UIImageView+HighlightedWebCache.h"; sourceTree = "<group>"; };
		B7B5B2041B20906800690F7B /* UIImageView+HighlightedWebCache.m */ = {isa = PBXFileReference; fileEncoding = 4; lastKnownFileType = sourcecode.c.objc; path = "UIImageView+HighlightedWebCache.m"; sourceTree = "<group>"; };
		B7B5B2051B20906800690F7B /* UIImageView+WebCache.h */ = {isa = PBXFileReference; fileEncoding = 4; lastKnownFileType = sourcecode.c.h; path = "UIImageView+WebCache.h"; sourceTree = "<group>"; };
		B7B5B2061B20906800690F7B /* UIImageView+WebCache.m */ = {isa = PBXFileReference; fileEncoding = 4; lastKnownFileType = sourcecode.c.objc; path = "UIImageView+WebCache.m"; sourceTree = "<group>"; };
		B7B5B2071B20906800690F7B /* UIView+WebCacheOperation.h */ = {isa = PBXFileReference; fileEncoding = 4; lastKnownFileType = sourcecode.c.h; path = "UIView+WebCacheOperation.h"; sourceTree = "<group>"; };
		B7B5B2081B20906800690F7B /* UIView+WebCacheOperation.m */ = {isa = PBXFileReference; fileEncoding = 4; lastKnownFileType = sourcecode.c.objc; path = "UIView+WebCacheOperation.m"; sourceTree = "<group>"; };
		B7F35A3F1B1D4DFD001E2488 /* ResultTableViewController.h */ = {isa = PBXFileReference; fileEncoding = 4; lastKnownFileType = sourcecode.c.h; path = ResultTableViewController.h; sourceTree = "<group>"; };
		B7F35A401B1D4DFD001E2488 /* ResultTableViewController.m */ = {isa = PBXFileReference; fileEncoding = 4; lastKnownFileType = sourcecode.c.objc; path = ResultTableViewController.m; sourceTree = "<group>"; };
		B7F35A4C1B1D511E001E2488 /* ResultTableViewCell.h */ = {isa = PBXFileReference; fileEncoding = 4; lastKnownFileType = sourcecode.c.h; path = ResultTableViewCell.h; sourceTree = "<group>"; };
		B7F35A4D1B1D511E001E2488 /* ResultTableViewCell.m */ = {isa = PBXFileReference; fileEncoding = 4; lastKnownFileType = sourcecode.c.objc; path = ResultTableViewCell.m; sourceTree = "<group>"; };
		B7F35A4E1B1D511E001E2488 /* ExpressInfoTableViewCell.xib */ = {isa = PBXFileReference; fileEncoding = 4; lastKnownFileType = file.xib; path = ExpressInfoTableViewCell.xib; sourceTree = "<group>"; };
		B7F35A931B1D63B7001E2488 /* ExpressDataTableViewCell.xib */ = {isa = PBXFileReference; fileEncoding = 4; lastKnownFileType = file.xib; path = ExpressDataTableViewCell.xib; sourceTree = "<group>"; };
		B7F35A951B1D6940001E2488 /* PrefixHeader.pch */ = {isa = PBXFileReference; fileEncoding = 4; lastKnownFileType = sourcecode.c.h; path = PrefixHeader.pch; sourceTree = "<group>"; };
		B7F35AD91B1DB388001E2488 /* companyDic.plist */ = {isa = PBXFileReference; fileEncoding = 4; lastKnownFileType = text.plist.xml; path = companyDic.plist; sourceTree = "<group>"; };
		B7F35ADB1B1DC64F001E2488 /* MyExpressTableViewController.h */ = {isa = PBXFileReference; fileEncoding = 4; lastKnownFileType = sourcecode.c.h; path = MyExpressTableViewController.h; sourceTree = "<group>"; };
		B7F35ADC1B1DC64F001E2488 /* MyExpressTableViewController.m */ = {isa = PBXFileReference; fileEncoding = 4; lastKnownFileType = sourcecode.c.objc; path = MyExpressTableViewController.m; sourceTree = "<group>"; };
/* End PBXFileReference section */

/* Begin PBXFrameworksBuildPhase section */
		B77A25DD1B1BFFBA00950D29 /* Frameworks */ = {
			isa = PBXFrameworksBuildPhase;
			buildActionMask = 2147483647;
			files = (
				B79B01471B1EC7DC005B8407 /* libxml2.2.dylib in Frameworks */,
			);
			runOnlyForDeploymentPostprocessing = 0;
		};
/* End PBXFrameworksBuildPhase section */

/* Begin PBXGroup section */
		B74200691B2066840036DB38 /* Vendors */ = {
			isa = PBXGroup;
			children = (
				B76EBF201B2A8A7A005CFE98 /* PinYin4Objc */,
				B7B5B1E71B20906800690F7B /* SDWebImage */,
				B7B5B1DE1B206E8500690F7B /* StrapButton */,
				B742006A1B2066840036DB38 /* Hpple */,
				B74200711B2066840036DB38 /* MBProgressHUD */,
				B74200741B2066840036DB38 /* MXPullDownMenu */,
			);
			path = Vendors;
			sourceTree = "<group>";
		};
		B742006A1B2066840036DB38 /* Hpple */ = {
			isa = PBXGroup;
			children = (
				B742006B1B2066840036DB38 /* TFHpple.h */,
				B742006C1B2066840036DB38 /* TFHpple.m */,
				B742006D1B2066840036DB38 /* TFHppleElement.h */,
				B742006E1B2066840036DB38 /* TFHppleElement.m */,
				B742006F1B2066840036DB38 /* XPathQuery.h */,
				B74200701B2066840036DB38 /* XPathQuery.m */,
			);
			path = Hpple;
			sourceTree = "<group>";
		};
		B74200711B2066840036DB38 /* MBProgressHUD */ = {
			isa = PBXGroup;
			children = (
				B74200721B2066840036DB38 /* MBProgressHUD.h */,
				B74200731B2066840036DB38 /* MBProgressHUD.m */,
			);
			path = MBProgressHUD;
			sourceTree = "<group>";
		};
		B74200741B2066840036DB38 /* MXPullDownMenu */ = {
			isa = PBXGroup;
			children = (
				B74200751B2066840036DB38 /* MXPullDownMenu.h */,
				B74200761B2066840036DB38 /* MXPullDownMenu.m */,
			);
			path = MXPullDownMenu;
			sourceTree = "<group>";
		};
		B74200861B2066BB0036DB38 /* Images */ = {
			isa = PBXGroup;
			children = (
				B72C69791B2FF87500EDE01B /* background.png */,
				B71E2FAF1B21747A002FAA1E /* 20-gear-2.png */,
				B71E2FB01B21747A002FAA1E /* 20-gear-2@2x.png */,
				B72C693B1B2EE9B300EDE01B /* 56-truck.png */,
				B72C693C1B2EE9B300EDE01B /* 56-truck@2x.png */,
				B72C69321B2EC71F00EDE01B /* 104-index-cards.png */,
				B72C69331B2EC71F00EDE01B /* 104-index-cards@2x.png */,
				B71E2FB71B2177DF002FAA1E /* 195-barcode.png */,
				B71E2FB81B2177DF002FAA1E /* 195-barcode@2x.png */,
				B71E2FBB1B217837002FAA1E /* 253-person.png */,
				B71E2FBC1B217837002FAA1E /* 253-person@2x.png */,
				B76EBF131B298674005CFE98 /* Icon.png */,
				B76EBF111B298603005CFE98 /* LaunchScreen.jpg */,
				B71E2FAD1B213E3A002FAA1E /* lookup_background.png */,
				B72C69201B2E8E5F00EDE01B /* star-empty.png */,
				B72C691F1B2E8E5F00EDE01B /* star-empty@2x.png */,
				B72C69431B2EF0E000EDE01B /* star-empty@3x.png */,
				B72C691E1B2E8E5F00EDE01B /* star-full.png */,
				B72C691D1B2E8E5F00EDE01B /* star-full@2x.png */,
				B72C69441B2EF0E000EDE01B /* star-full@3x.png */,
			);
			path = Images;
			sourceTree = "<group>";
		};
		B76EBF201B2A8A7A005CFE98 /* PinYin4Objc */ = {
			isa = PBXGroup;
			children = (
				B76EBF211B2A8A7A005CFE98 /* Classes */,
				B76EBF2D1B2A8A7A005CFE98 /* Resources */,
			);
			path = PinYin4Objc;
			sourceTree = "<group>";
		};
		B76EBF211B2A8A7A005CFE98 /* Classes */ = {
			isa = PBXGroup;
			children = (
				B76EBF221B2A8A7A005CFE98 /* ChineseToPinyinResource.h */,
				B76EBF231B2A8A7A005CFE98 /* ChineseToPinyinResource.m */,
				B76EBF241B2A8A7A005CFE98 /* HanyuPinyinOutputFormat.h */,
				B76EBF251B2A8A7A005CFE98 /* HanyuPinyinOutputFormat.m */,
				B76EBF261B2A8A7A005CFE98 /* NSString+PinYin4Cocoa.h */,
				B76EBF271B2A8A7A005CFE98 /* NSString+PinYin4Cocoa.m */,
				B76EBF281B2A8A7A005CFE98 /* PinYin4Objc.h */,
				B76EBF291B2A8A7A005CFE98 /* PinyinFormatter.h */,
				B76EBF2A1B2A8A7A005CFE98 /* PinyinFormatter.m */,
				B76EBF2B1B2A8A7A005CFE98 /* PinyinHelper.h */,
				B76EBF2C1B2A8A7A005CFE98 /* PinyinHelper.m */,
			);
			path = Classes;
			sourceTree = "<group>";
		};
		B76EBF2D1B2A8A7A005CFE98 /* Resources */ = {
			isa = PBXGroup;
			children = (
				B76EBF2E1B2A8A7A005CFE98 /* unicode_to_hanyu_pinyin.txt */,
			);
			path = Resources;
			sourceTree = "<group>";
		};
		B77A25D71B1BFFB900950D29 = {
			isa = PBXGroup;
			children = (
				B79B01461B1EC7DC005B8407 /* libxml2.2.dylib */,
				B77A25E21B1BFFBA00950D29 /* ExpressLookup */,
				B77A25E11B1BFFBA00950D29 /* Products */,
			);
			sourceTree = "<group>";
		};
		B77A25E11B1BFFBA00950D29 /* Products */ = {
			isa = PBXGroup;
			children = (
				B77A25E01B1BFFBA00950D29 /* ExpressLookup.app */,
			);
			name = Products;
			sourceTree = "<group>";
		};
		B77A25E21B1BFFBA00950D29 /* ExpressLookup */ = {
			isa = PBXGroup;
			children = (
				B77A26091B1C04B000950D29 /* C */,
				B77A260A1B1C04B000950D29 /* M */,
				B77A260B1B1C04B000950D29 /* Networking */,
				B77A260C1B1C04B000950D29 /* Resources */,
				B77A260E1B1C04B000950D29 /* Util */,
				B77A260F1B1C04B000950D29 /* V */,
				B77A25F01B1BFFBA00950D29 /* Images.xcassets */,
				B77A25F21B1BFFBA00950D29 /* LaunchScreen.xib */,
				B74200691B2066840036DB38 /* Vendors */,
				B77A25E31B1BFFBA00950D29 /* Supporting Files */,
			);
			path = ExpressLookup;
			sourceTree = "<group>";
		};
		B77A25E31B1BFFBA00950D29 /* Supporting Files */ = {
			isa = PBXGroup;
			children = (
				B77A27791B1C5BD000950D29 /* AppDelegate.h */,
				B77A277A1B1C5BD000950D29 /* AppDelegate.m */,
				B77A25E41B1BFFBA00950D29 /* Info.plist */,
				B77A25E51B1BFFBA00950D29 /* main.m */,
			);
			name = "Supporting Files";
			sourceTree = "<group>";
		};
		B77A26091B1C04B000950D29 /* C */ = {
			isa = PBXGroup;
			children = (
				B77A277C1B1C5C3600950D29 /* TabBarController.h */,
				B77A277D1B1C5C3600950D29 /* TabBarController.m */,
				B7F35ADB1B1DC64F001E2488 /* MyExpressTableViewController.h */,
				B7F35ADC1B1DC64F001E2488 /* MyExpressTableViewController.m */,
				B77A27841B1C5E4B00950D29 /* LookupViewController.h */,
				B77A27851B1C5E4B00950D29 /* LookupViewController.m */,
				B77A27861B1C5E4B00950D29 /* LookupViewController.xib */,
				B7F35A3F1B1D4DFD001E2488 /* ResultTableViewController.h */,
				B7F35A401B1D4DFD001E2488 /* ResultTableViewController.m */,
				B72C692D1B2EC5BD00EDE01B /* ContactTableViewController.h */,
				B72C692E1B2EC5BD00EDE01B /* ContactTableViewController.m */,
				B72C692F1B2EC5BD00EDE01B /* ContactTableViewController.xib */,
				B71E30061B219CE2002FAA1E /* SettingsTableViewController.h */,
				B71E30071B219CE2002FAA1E /* SettingsTableViewController.m */,
			);
			path = C;
			sourceTree = "<group>";
		};
		B77A260A1B1C04B000950D29 /* M */ = {
			isa = PBXGroup;
			children = (
				B77A26C81B1C26E200950D29 /* Express.h */,
				B77A26C91B1C26E200950D29 /* Express.m */,
				B77A26CB1B1C275100950D29 /* ExpressData.h */,
				B77A26CC1B1C275100950D29 /* ExpressData.m */,
				B76EBF351B2A8C12005CFE98 /* Company.h */,
				B76EBF361B2A8C12005CFE98 /* Company.m */,
				B72C69271B2EC33000EDE01B /* PhoneNumberSection.h */,
				B72C69281B2EC33000EDE01B /* PhoneNumberSection.m */,
				B72C692A1B2EC35000EDE01B /* PhoneNumber.h */,
				B72C692B1B2EC35000EDE01B /* PhoneNumber.m */,
			);
			path = M;
			sourceTree = "<group>";
		};
		B77A260B1B1C04B000950D29 /* Networking */ = {
			isa = PBXGroup;
			children = (
				B77A268B1B1C22BB00950D29 /* AFNetworking */,
				B77A269F1B1C22BB00950D29 /* UIKit+AFNetworking */,
				B77A26C21B1C22E100950D29 /* AFAppDotNetAPIClient.h */,
				B77A26C31B1C22E100950D29 /* AFAppDotNetAPIClient.m */,
				B77A26C51B1C246000950D29 /* DownloadData.h */,
				B77A26C61B1C246000950D29 /* DownloadData.m */,
			);
			path = Networking;
			sourceTree = "<group>";
		};
		B77A260C1B1C04B000950D29 /* Resources */ = {
			isa = PBXGroup;
			children = (
				B74200861B2066BB0036DB38 /* Images */,
				B77A27921B1C7E4900950D29 /* Files */,
			);
			path = Resources;
			sourceTree = "<group>";
		};
		B77A260E1B1C04B000950D29 /* Util */ = {
			isa = PBXGroup;
			children = (
				B79B01481B1EC8FD005B8407 /* Help.h */,
				B79B01491B1EC8FD005B8407 /* Help.m */,
				B77A27781B1C593F00950D29 /* Macro.h */,
				B7F35A951B1D6940001E2488 /* PrefixHeader.pch */,
				B79B017F1B1F17AB005B8407 /* Singleton.h */,
				B79B01801B1F17AB005B8407 /* Singleton.m */,
			);
			path = Util;
			sourceTree = "<group>";
		};
		B77A260F1B1C04B000950D29 /* V */ = {
			isa = PBXGroup;
			children = (
				B7F35A4C1B1D511E001E2488 /* ResultTableViewCell.h */,
				B7F35A4D1B1D511E001E2488 /* ResultTableViewCell.m */,
				B7F35A4E1B1D511E001E2488 /* ExpressInfoTableViewCell.xib */,
				B7F35A931B1D63B7001E2488 /* ExpressDataTableViewCell.xib */,
				B72C69361B2EE10300EDE01B /* PhoneTableViewCell.h */,
				B72C69371B2EE10300EDE01B /* PhoneTableViewCell.m */,
				B72C69381B2EE10300EDE01B /* PhoneTableViewCell.xib */,
			);
			path = V;
			sourceTree = "<group>";
		};
		B77A268B1B1C22BB00950D29 /* AFNetworking */ = {
			isa = PBXGroup;
			children = (
				B77A268C1B1C22BB00950D29 /* AFHTTPRequestOperation.h */,
				B77A268D1B1C22BB00950D29 /* AFHTTPRequestOperation.m */,
				B77A268E1B1C22BB00950D29 /* AFHTTPRequestOperationManager.h */,
				B77A268F1B1C22BB00950D29 /* AFHTTPRequestOperationManager.m */,
				B77A26901B1C22BB00950D29 /* AFHTTPSessionManager.h */,
				B77A26911B1C22BB00950D29 /* AFHTTPSessionManager.m */,
				B77A26921B1C22BB00950D29 /* AFNetworking.h */,
				B77A26931B1C22BB00950D29 /* AFNetworkReachabilityManager.h */,
				B77A26941B1C22BB00950D29 /* AFNetworkReachabilityManager.m */,
				B77A26951B1C22BB00950D29 /* AFSecurityPolicy.h */,
				B77A26961B1C22BB00950D29 /* AFSecurityPolicy.m */,
				B77A26971B1C22BB00950D29 /* AFURLConnectionOperation.h */,
				B77A26981B1C22BB00950D29 /* AFURLConnectionOperation.m */,
				B77A26991B1C22BB00950D29 /* AFURLRequestSerialization.h */,
				B77A269A1B1C22BB00950D29 /* AFURLRequestSerialization.m */,
				B77A269B1B1C22BB00950D29 /* AFURLResponseSerialization.h */,
				B77A269C1B1C22BB00950D29 /* AFURLResponseSerialization.m */,
				B77A269D1B1C22BB00950D29 /* AFURLSessionManager.h */,
				B77A269E1B1C22BB00950D29 /* AFURLSessionManager.m */,
			);
			path = AFNetworking;
			sourceTree = "<group>";
		};
		B77A269F1B1C22BB00950D29 /* UIKit+AFNetworking */ = {
			isa = PBXGroup;
			children = (
				B77A26A01B1C22BB00950D29 /* AFNetworkActivityIndicatorManager.h */,
				B77A26A11B1C22BB00950D29 /* AFNetworkActivityIndicatorManager.m */,
				B77A26A21B1C22BB00950D29 /* UIActivityIndicatorView+AFNetworking.h */,
				B77A26A31B1C22BB00950D29 /* UIActivityIndicatorView+AFNetworking.m */,
				B77A26A41B1C22BB00950D29 /* UIAlertView+AFNetworking.h */,
				B77A26A51B1C22BB00950D29 /* UIAlertView+AFNetworking.m */,
				B77A26A61B1C22BB00950D29 /* UIButton+AFNetworking.h */,
				B77A26A71B1C22BB00950D29 /* UIButton+AFNetworking.m */,
				B77A26A81B1C22BB00950D29 /* UIImageView+AFNetworking.h */,
				B77A26A91B1C22BB00950D29 /* UIImageView+AFNetworking.m */,
				B77A26AA1B1C22BB00950D29 /* UIKit+AFNetworking.h */,
				B77A26AB1B1C22BB00950D29 /* UIProgressView+AFNetworking.h */,
				B77A26AC1B1C22BB00950D29 /* UIProgressView+AFNetworking.m */,
				B77A26AD1B1C22BB00950D29 /* UIRefreshControl+AFNetworking.h */,
				B77A26AE1B1C22BB00950D29 /* UIRefreshControl+AFNetworking.m */,
				B77A26AF1B1C22BB00950D29 /* UIWebView+AFNetworking.h */,
				B77A26B01B1C22BB00950D29 /* UIWebView+AFNetworking.m */,
			);
			path = "UIKit+AFNetworking";
			sourceTree = "<group>";
		};
		B77A27921B1C7E4900950D29 /* Files */ = {
			isa = PBXGroup;
			children = (
				B72C69251B2EC29100EDE01B /* phoneNumber.plist */,
				B7F35AD91B1DB388001E2488 /* companyDic.plist */,
				B77A27931B1C7E4900950D29 /* companyArray.plist */,
				B79B017D1B1F1282005B8407 /* companyArrayHtmlOnly.plist */,
			);
			path = Files;
			sourceTree = "<group>";
		};
		B7B5B1DE1B206E8500690F7B /* StrapButton */ = {
			isa = PBXGroup;
			children = (
				B7B5B1DF1B206E8500690F7B /* FontAwesome.ttf */,
				B7B5B1E01B206E8500690F7B /* NSString+FontAwesome.h */,
				B7B5B1E11B206E8500690F7B /* NSString+FontAwesome.m */,
				B7B5B1E21B206E8500690F7B /* UIButton+Bootstrap.h */,
				B7B5B1E31B206E8500690F7B /* UIButton+Bootstrap.m */,
			);
			path = StrapButton;
			sourceTree = "<group>";
		};
		B7B5B1E71B20906800690F7B /* SDWebImage */ = {
			isa = PBXGroup;
			children = (
				B7B5B1E81B20906800690F7B /* MKAnnotationView+WebCache.h */,
				B7B5B1E91B20906800690F7B /* MKAnnotationView+WebCache.m */,
				B7B5B1EA1B20906800690F7B /* NSData+ImageContentType.h */,
				B7B5B1EB1B20906800690F7B /* NSData+ImageContentType.m */,
				B7B5B1EC1B20906800690F7B /* SDImageCache.h */,
				B7B5B1ED1B20906800690F7B /* SDImageCache.m */,
				B7B5B1EE1B20906800690F7B /* SDWebImageCompat.h */,
				B7B5B1EF1B20906800690F7B /* SDWebImageCompat.m */,
				B7B5B1F01B20906800690F7B /* SDWebImageDecoder.h */,
				B7B5B1F11B20906800690F7B /* SDWebImageDecoder.m */,
				B7B5B1F21B20906800690F7B /* SDWebImageDownloader.h */,
				B7B5B1F31B20906800690F7B /* SDWebImageDownloader.m */,
				B7B5B1F41B20906800690F7B /* SDWebImageDownloaderOperation.h */,
				B7B5B1F51B20906800690F7B /* SDWebImageDownloaderOperation.m */,
				B7B5B1F61B20906800690F7B /* SDWebImageManager.h */,
				B7B5B1F71B20906800690F7B /* SDWebImageManager.m */,
				B7B5B1F81B20906800690F7B /* SDWebImageOperation.h */,
				B7B5B1F91B20906800690F7B /* SDWebImagePrefetcher.h */,
				B7B5B1FA1B20906800690F7B /* SDWebImagePrefetcher.m */,
				B7B5B1FB1B20906800690F7B /* UIButton+WebCache.h */,
				B7B5B1FC1B20906800690F7B /* UIButton+WebCache.m */,
				B7B5B1FD1B20906800690F7B /* UIImage+GIF.h */,
				B7B5B1FE1B20906800690F7B /* UIImage+GIF.m */,
				B7B5B1FF1B20906800690F7B /* UIImage+MultiFormat.h */,
				B7B5B2001B20906800690F7B /* UIImage+MultiFormat.m */,
				B7B5B2011B20906800690F7B /* UIImage+WebP.h */,
				B7B5B2021B20906800690F7B /* UIImage+WebP.m */,
				B7B5B2031B20906800690F7B /* UIImageView+HighlightedWebCache.h */,
				B7B5B2041B20906800690F7B /* UIImageView+HighlightedWebCache.m */,
				B7B5B2051B20906800690F7B /* UIImageView+WebCache.h */,
				B7B5B2061B20906800690F7B /* UIImageView+WebCache.m */,
				B7B5B2071B20906800690F7B /* UIView+WebCacheOperation.h */,
				B7B5B2081B20906800690F7B /* UIView+WebCacheOperation.m */,
			);
			path = SDWebImage;
			sourceTree = "<group>";
		};
/* End PBXGroup section */

/* Begin PBXNativeTarget section */
		B77A25DF1B1BFFBA00950D29 /* ExpressLookup */ = {
			isa = PBXNativeTarget;
			buildConfigurationList = B77A26031B1BFFBA00950D29 /* Build configuration list for PBXNativeTarget "ExpressLookup" */;
			buildPhases = (
				B77A25DC1B1BFFBA00950D29 /* Sources */,
				B77A25DD1B1BFFBA00950D29 /* Frameworks */,
				B77A25DE1B1BFFBA00950D29 /* Resources */,
			);
			buildRules = (
			);
			dependencies = (
			);
			name = ExpressLookup;
			productName = ExpressLookup;
			productReference = B77A25E01B1BFFBA00950D29 /* ExpressLookup.app */;
			productType = "com.apple.product-type.application";
		};
/* End PBXNativeTarget section */

/* Begin PBXProject section */
		B77A25D81B1BFFB900950D29 /* Project object */ = {
			isa = PBXProject;
			attributes = {
				LastUpgradeCheck = 0630;
				ORGANIZATIONNAME = "Kyon Li";
				TargetAttributes = {
					B77A25DF1B1BFFBA00950D29 = {
						CreatedOnToolsVersion = 6.3.2;
					};
				};
			};
			buildConfigurationList = B77A25DB1B1BFFB900950D29 /* Build configuration list for PBXProject "ExpressLookup" */;
			compatibilityVersion = "Xcode 3.2";
			developmentRegion = English;
			hasScannedForEncodings = 0;
			knownRegions = (
				en,
				Base,
			);
			mainGroup = B77A25D71B1BFFB900950D29;
			productRefGroup = B77A25E11B1BFFBA00950D29 /* Products */;
			projectDirPath = "";
			projectRoot = "";
			targets = (
				B77A25DF1B1BFFBA00950D29 /* ExpressLookup */,
			);
		};
/* End PBXProject section */

/* Begin PBXResourcesBuildPhase section */
		B77A25DE1B1BFFBA00950D29 /* Resources */ = {
			isa = PBXResourcesBuildPhase;
			buildActionMask = 2147483647;
			files = (
				B79B017E1B1F1282005B8407 /* companyArrayHtmlOnly.plist in Resources */,
				B76EBF341B2A8A7A005CFE98 /* unicode_to_hanyu_pinyin.txt in Resources */,
				B72C69231B2E8E5F00EDE01B /* star-empty@2x.png in Resources */,
				B7B5B1E41B206E8500690F7B /* FontAwesome.ttf in Resources */,
				B72C69211B2E8E5F00EDE01B /* star-full@2x.png in Resources */,
				B71E2FB21B21747A002FAA1E /* 20-gear-2@2x.png in Resources */,
				B72C69261B2EC29100EDE01B /* phoneNumber.plist in Resources */,
				B72C69311B2EC5BD00EDE01B /* ContactTableViewController.xib in Resources */,
				B72C69461B2EF0E000EDE01B /* star-full@3x.png in Resources */,
				B76EBF141B298674005CFE98 /* Icon.png in Resources */,
				B72C69451B2EF0E000EDE01B /* star-empty@3x.png in Resources */,
				B7F35A941B1D63B7001E2488 /* ExpressDataTableViewCell.xib in Resources */,
				B72C69241B2E8E5F00EDE01B /* star-empty.png in Resources */,
				B77A27941B1C7E4900950D29 /* companyArray.plist in Resources */,
				B7F35A501B1D511E001E2488 /* ExpressInfoTableViewCell.xib in Resources */,
				B71E2FB91B2177DF002FAA1E /* 195-barcode.png in Resources */,
				B7F35ADA1B1DB388001E2488 /* companyDic.plist in Resources */,
				B77A25F41B1BFFBA00950D29 /* LaunchScreen.xib in Resources */,
				B72C69221B2E8E5F00EDE01B /* star-full.png in Resources */,
				B77A27881B1C5E4B00950D29 /* LookupViewController.xib in Resources */,
				B71E2FBA1B2177DF002FAA1E /* 195-barcode@2x.png in Resources */,
				B71E2FB11B21747A002FAA1E /* 20-gear-2.png in Resources */,
				B71E2FAE1B213E3A002FAA1E /* lookup_background.png in Resources */,
				B77A25F11B1BFFBA00950D29 /* Images.xcassets in Resources */,
				B72C69341B2EC71F00EDE01B /* 104-index-cards.png in Resources */,
				B72C69351B2EC71F00EDE01B /* 104-index-cards@2x.png in Resources */,
				B72C693A1B2EE10300EDE01B /* PhoneTableViewCell.xib in Resources */,
				B76EBF121B298603005CFE98 /* LaunchScreen.jpg in Resources */,
				B71E2FBD1B217837002FAA1E /* 253-person.png in Resources */,
				B72C693D1B2EE9B300EDE01B /* 56-truck.png in Resources */,
				B71E2FBE1B217837002FAA1E /* 253-person@2x.png in Resources */,
				B72C697A1B2FF87500EDE01B /* background.png in Resources */,
				B72C693E1B2EE9B300EDE01B /* 56-truck@2x.png in Resources */,
			);
			runOnlyForDeploymentPostprocessing = 0;
		};
/* End PBXResourcesBuildPhase section */

/* Begin PBXSourcesBuildPhase section */
		B77A25DC1B1BFFBA00950D29 /* Sources */ = {
			isa = PBXSourcesBuildPhase;
			buildActionMask = 2147483647;
			files = (
				B7B5B2141B20906800690F7B /* UIImage+MultiFormat.m in Sources */,
				B72C69301B2EC5BD00EDE01B /* ContactTableViewController.m in Sources */,
				B7B5B20E1B20906800690F7B /* SDWebImageDownloader.m in Sources */,
				B7B5B2151B20906800690F7B /* UIImage+WebP.m in Sources */,
				B79B01811B1F17AB005B8407 /* Singleton.m in Sources */,
				B77A26B11B1C22BB00950D29 /* AFHTTPRequestOperation.m in Sources */,
				B7B5B1E61B206E8500690F7B /* UIButton+Bootstrap.m in Sources */,
				B7F35A411B1D4DFD001E2488 /* ResultTableViewController.m in Sources */,
				B7B5B20A1B20906800690F7B /* NSData+ImageContentType.m in Sources */,
				B77A26BE1B1C22BB00950D29 /* UIImageView+AFNetworking.m in Sources */,
				B7B5B20F1B20906800690F7B /* SDWebImageDownloaderOperation.m in Sources */,
				B77A26B21B1C22BB00950D29 /* AFHTTPRequestOperationManager.m in Sources */,
				B72C692C1B2EC35000EDE01B /* PhoneNumber.m in Sources */,
				B7B5B20D1B20906800690F7B /* SDWebImageDecoder.m in Sources */,
				B77A26CD1B1C275100950D29 /* ExpressData.m in Sources */,
				B71E30081B219CE2002FAA1E /* SettingsTableViewController.m in Sources */,
				B77A27871B1C5E4B00950D29 /* LookupViewController.m in Sources */,
				B7B5B2091B20906800690F7B /* MKAnnotationView+WebCache.m in Sources */,
				B77A26BF1B1C22BB00950D29 /* UIProgressView+AFNetworking.m in Sources */,
				B7B5B2161B20906800690F7B /* UIImageView+HighlightedWebCache.m in Sources */,
				B77A26B41B1C22BB00950D29 /* AFNetworkReachabilityManager.m in Sources */,
				B7B5B2121B20906800690F7B /* UIButton+WebCache.m in Sources */,
				B77A26B81B1C22BB00950D29 /* AFURLResponseSerialization.m in Sources */,
				B7B5B2171B20906800690F7B /* UIImageView+WebCache.m in Sources */,
				B77A26B61B1C22BB00950D29 /* AFURLConnectionOperation.m in Sources */,
				B77A26BD1B1C22BB00950D29 /* UIButton+AFNetworking.m in Sources */,
				B77A26BB1B1C22BB00950D29 /* UIActivityIndicatorView+AFNetworking.m in Sources */,
				B77A26B51B1C22BB00950D29 /* AFSecurityPolicy.m in Sources */,
				B77A26C01B1C22BB00950D29 /* UIRefreshControl+AFNetworking.m in Sources */,
				B74200801B2066840036DB38 /* XPathQuery.m in Sources */,
				B77A26C11B1C22BB00950D29 /* UIWebView+AFNetworking.m in Sources */,
				B76EBF321B2A8A7A005CFE98 /* PinyinFormatter.m in Sources */,
				B7F35A4F1B1D511E001E2488 /* ResultTableViewCell.m in Sources */,
				B76EBF371B2A8C12005CFE98 /* Company.m in Sources */,
				B79B014A1B1EC8FD005B8407 /* Help.m in Sources */,
				B77A26C71B1C246000950D29 /* DownloadData.m in Sources */,
				B77A26C41B1C22E100950D29 /* AFAppDotNetAPIClient.m in Sources */,
				B742007F1B2066840036DB38 /* TFHppleElement.m in Sources */,
				B76EBF301B2A8A7A005CFE98 /* HanyuPinyinOutputFormat.m in Sources */,
				B77A26B31B1C22BB00950D29 /* AFHTTPSessionManager.m in Sources */,
				B77A26BC1B1C22BB00950D29 /* UIAlertView+AFNetworking.m in Sources */,
				B7B5B2131B20906800690F7B /* UIImage+GIF.m in Sources */,
				B742007E1B2066840036DB38 /* TFHpple.m in Sources */,
				B7B5B2101B20906800690F7B /* SDWebImageManager.m in Sources */,
				B72C69391B2EE10300EDE01B /* PhoneTableViewCell.m in Sources */,
				B74200821B2066840036DB38 /* MXPullDownMenu.m in Sources */,
				B72C69291B2EC33000EDE01B /* PhoneNumberSection.m in Sources */,
				B76EBF2F1B2A8A7A005CFE98 /* ChineseToPinyinResource.m in Sources */,
				B77A26B71B1C22BB00950D29 /* AFURLRequestSerialization.m in Sources */,
				B74200811B2066840036DB38 /* MBProgressHUD.m in Sources */,
				B7B5B20C1B20906800690F7B /* SDWebImageCompat.m in Sources */,
				B77A26BA1B1C22BB00950D29 /* AFNetworkActivityIndicatorManager.m in Sources */,
				B77A277B1B1C5BD000950D29 /* AppDelegate.m in Sources */,
				B7B5B1E51B206E8500690F7B /* NSString+FontAwesome.m in Sources */,
				B76EBF311B2A8A7A005CFE98 /* NSString+PinYin4Cocoa.m in Sources */,
				B77A26B91B1C22BB00950D29 /* AFURLSessionManager.m in Sources */,
				B77A277E1B1C5C3600950D29 /* TabBarController.m in Sources */,
				B7B5B2111B20906800690F7B /* SDWebImagePrefetcher.m in Sources */,
				B77A26CA1B1C26E200950D29 /* Express.m in Sources */,
				B76EBF331B2A8A7A005CFE98 /* PinyinHelper.m in Sources */,
				B7F35ADD1B1DC64F001E2488 /* MyExpressTableViewController.m in Sources */,
				B7B5B2181B20906800690F7B /* UIView+WebCacheOperation.m in Sources */,
				B7B5B20B1B20906800690F7B /* SDImageCache.m in Sources */,
				B77A25E61B1BFFBA00950D29 /* main.m in Sources */,
			);
			runOnlyForDeploymentPostprocessing = 0;
		};
/* End PBXSourcesBuildPhase section */

/* Begin PBXVariantGroup section */
		B77A25F21B1BFFBA00950D29 /* LaunchScreen.xib */ = {
			isa = PBXVariantGroup;
			children = (
				B77A25F31B1BFFBA00950D29 /* Base */,
			);
			name = LaunchScreen.xib;
			sourceTree = "<group>";
		};
/* End PBXVariantGroup section */

/* Begin XCBuildConfiguration section */
		B77A26011B1BFFBA00950D29 /* Debug */ = {
			isa = XCBuildConfiguration;
			buildSettings = {
				ALWAYS_SEARCH_USER_PATHS = NO;
				CLANG_CXX_LANGUAGE_STANDARD = "gnu++0x";
				CLANG_CXX_LIBRARY = "libc++";
				CLANG_ENABLE_MODULES = YES;
				CLANG_ENABLE_OBJC_ARC = YES;
				CLANG_WARN_BOOL_CONVERSION = YES;
				CLANG_WARN_CONSTANT_CONVERSION = YES;
				CLANG_WARN_DIRECT_OBJC_ISA_USAGE = YES_ERROR;
				CLANG_WARN_EMPTY_BODY = YES;
				CLANG_WARN_ENUM_CONVERSION = YES;
				CLANG_WARN_INT_CONVERSION = YES;
				CLANG_WARN_OBJC_ROOT_CLASS = YES_ERROR;
				CLANG_WARN_UNREACHABLE_CODE = YES;
				CLANG_WARN__DUPLICATE_METHOD_MATCH = YES;
				"CODE_SIGN_IDENTITY[sdk=iphoneos*]" = "iPhone Developer";
				COPY_PHASE_STRIP = NO;
				DEBUG_INFORMATION_FORMAT = "dwarf-with-dsym";
				ENABLE_STRICT_OBJC_MSGSEND = YES;
				GCC_C_LANGUAGE_STANDARD = gnu99;
				GCC_DYNAMIC_NO_PIC = NO;
				GCC_NO_COMMON_BLOCKS = YES;
				GCC_OPTIMIZATION_LEVEL = 0;
				GCC_PREPROCESSOR_DEFINITIONS = (
					"DEBUG=1",
					"$(inherited)",
				);
				GCC_SYMBOLS_PRIVATE_EXTERN = NO;
				GCC_WARN_64_TO_32_BIT_CONVERSION = YES;
				GCC_WARN_ABOUT_RETURN_TYPE = YES_ERROR;
				GCC_WARN_UNDECLARED_SELECTOR = YES;
				GCC_WARN_UNINITIALIZED_AUTOS = YES_AGGRESSIVE;
				GCC_WARN_UNUSED_FUNCTION = YES;
				GCC_WARN_UNUSED_VARIABLE = YES;
				IPHONEOS_DEPLOYMENT_TARGET = 8.3;
				MTL_ENABLE_DEBUG_INFO = YES;
				ONLY_ACTIVE_ARCH = YES;
				SDKROOT = iphoneos;
			};
			name = Debug;
		};
		B77A26021B1BFFBA00950D29 /* Release */ = {
			isa = XCBuildConfiguration;
			buildSettings = {
				ALWAYS_SEARCH_USER_PATHS = NO;
				CLANG_CXX_LANGUAGE_STANDARD = "gnu++0x";
				CLANG_CXX_LIBRARY = "libc++";
				CLANG_ENABLE_MODULES = YES;
				CLANG_ENABLE_OBJC_ARC = YES;
				CLANG_WARN_BOOL_CONVERSION = YES;
				CLANG_WARN_CONSTANT_CONVERSION = YES;
				CLANG_WARN_DIRECT_OBJC_ISA_USAGE = YES_ERROR;
				CLANG_WARN_EMPTY_BODY = YES;
				CLANG_WARN_ENUM_CONVERSION = YES;
				CLANG_WARN_INT_CONVERSION = YES;
				CLANG_WARN_OBJC_ROOT_CLASS = YES_ERROR;
				CLANG_WARN_UNREACHABLE_CODE = YES;
				CLANG_WARN__DUPLICATE_METHOD_MATCH = YES;
				"CODE_SIGN_IDENTITY[sdk=iphoneos*]" = "iPhone Developer";
				COPY_PHASE_STRIP = NO;
				DEBUG_INFORMATION_FORMAT = "dwarf-with-dsym";
				ENABLE_NS_ASSERTIONS = NO;
				ENABLE_STRICT_OBJC_MSGSEND = YES;
				GCC_C_LANGUAGE_STANDARD = gnu99;
				GCC_NO_COMMON_BLOCKS = YES;
				GCC_WARN_64_TO_32_BIT_CONVERSION = YES;
				GCC_WARN_ABOUT_RETURN_TYPE = YES_ERROR;
				GCC_WARN_UNDECLARED_SELECTOR = YES;
				GCC_WARN_UNINITIALIZED_AUTOS = YES_AGGRESSIVE;
				GCC_WARN_UNUSED_FUNCTION = YES;
				GCC_WARN_UNUSED_VARIABLE = YES;
				IPHONEOS_DEPLOYMENT_TARGET = 8.3;
				MTL_ENABLE_DEBUG_INFO = NO;
				SDKROOT = iphoneos;
				VALIDATE_PRODUCT = YES;
			};
			name = Release;
		};
		B77A26041B1BFFBA00950D29 /* Debug */ = {
			isa = XCBuildConfiguration;
			buildSettings = {
				ASSETCATALOG_COMPILER_APPICON_NAME = AppIcon;
				GCC_PREFIX_HEADER = "$(SRCROOT)/ExpressLookup/Util/PrefixHeader.pch";
				HEADER_SEARCH_PATHS = (
					"$(inherited)",
					/Applications/Xcode.app/Contents/Developer/Toolchains/XcodeDefault.xctoolchain/usr/include,
					/usr/include/libxml2,
				);
				INFOPLIST_FILE = ExpressLookup/Info.plist;
				IPHONEOS_DEPLOYMENT_TARGET = 8.0;
				LD_RUNPATH_SEARCH_PATHS = "$(inherited) @executable_path/Frameworks";
				PRODUCT_NAME = "$(TARGET_NAME)";
			};
			name = Debug;
		};
		B77A26051B1BFFBA00950D29 /* Release */ = {
			isa = XCBuildConfiguration;
			buildSettings = {
				ASSETCATALOG_COMPILER_APPICON_NAME = AppIcon;
				GCC_PREFIX_HEADER = "$(SRCROOT)/ExpressLookup/Util/PrefixHeader.pch";
				HEADER_SEARCH_PATHS = (
					"$(inherited)",
					/Applications/Xcode.app/Contents/Developer/Toolchains/XcodeDefault.xctoolchain/usr/include,
					/usr/include/libxml2,
				);
				INFOPLIST_FILE = ExpressLookup/Info.plist;
				IPHONEOS_DEPLOYMENT_TARGET = 8.0;
				LD_RUNPATH_SEARCH_PATHS = "$(inherited) @executable_path/Frameworks";
				PRODUCT_NAME = "$(TARGET_NAME)";
			};
			name = Release;
		};
/* End XCBuildConfiguration section */

/* Begin XCConfigurationList section */
		B77A25DB1B1BFFB900950D29 /* Build configuration list for PBXProject "ExpressLookup" */ = {
			isa = XCConfigurationList;
			buildConfigurations = (
				B77A26011B1BFFBA00950D29 /* Debug */,
				B77A26021B1BFFBA00950D29 /* Release */,
			);
			defaultConfigurationIsVisible = 0;
			defaultConfigurationName = Release;
		};
		B77A26031B1BFFBA00950D29 /* Build configuration list for PBXNativeTarget "ExpressLookup" */ = {
			isa = XCConfigurationList;
			buildConfigurations = (
				B77A26041B1BFFBA00950D29 /* Debug */,
				B77A26051B1BFFBA00950D29 /* Release */,
			);
			defaultConfigurationIsVisible = 0;
			defaultConfigurationName = Release;
		};
/* End XCConfigurationList section */
	};
	rootObject = B77A25D81B1BFFB900950D29 /* Project object */;
}
